// !$*UTF8*$!
{
	archiveVersion = 1;
	classes = {
	};
	objectVersion = 56;
	objects = {

/* Begin PBXBuildFile section */
		3C32EFBD28D370E500F4178A /* View_ImageApp.swift in Sources */ = {isa = PBXBuildFile; fileRef = 3C32EFBC28D370E500F4178A /* View_ImageApp.swift */; };
		3C32EFBF28D370E500F4178A /* ContentView.swift in Sources */ = {isa = PBXBuildFile; fileRef = 3C32EFBE28D370E500F4178A /* ContentView.swift */; };
		3C32EFC128D370E700F4178A /* Assets.xcassets in Resources */ = {isa = PBXBuildFile; fileRef = 3C32EFC028D370E700F4178A /* Assets.xcassets */; };
		3C32EFC428D370E700F4178A /* Preview Assets.xcassets in Resources */ = {isa = PBXBuildFile; fileRef = 3C32EFC328D370E700F4178A /* Preview Assets.xcassets */; };
		3C32EFCE28D370E700F4178A /* View_ImageTests.swift in Sources */ = {isa = PBXBuildFile; fileRef = 3C32EFCD28D370E700F4178A /* View_ImageTests.swift */; };
		3C32EFD828D370E700F4178A /* View_ImageUITests.swift in Sources */ = {isa = PBXBuildFile; fileRef = 3C32EFD728D370E700F4178A /* View_ImageUITests.swift */; };
		3C32EFDA28D370E700F4178A /* View_ImageUITestsLaunchTests.swift in Sources */ = {isa = PBXBuildFile; fileRef = 3C32EFD928D370E700F4178A /* View_ImageUITestsLaunchTests.swift */; };
/* End PBXBuildFile section */

/* Begin PBXContainerItemProxy section */
		3C32EFCA28D370E700F4178A /* PBXContainerItemProxy */ = {
			isa = PBXContainerItemProxy;
			containerPortal = 3C32EFB128D370E500F4178A /* Project object */;
			proxyType = 1;
			remoteGlobalIDString = 3C32EFB828D370E500F4178A;
			remoteInfo = "View-Image";
		};
		3C32EFD428D370E700F4178A /* PBXContainerItemProxy */ = {
			isa = PBXContainerItemProxy;
			containerPortal = 3C32EFB128D370E500F4178A /* Project object */;
			proxyType = 1;
			remoteGlobalIDString = 3C32EFB828D370E500F4178A;
			remoteInfo = "View-Image";
		};
/* End PBXContainerItemProxy section */

/* Begin PBXFileReference section */
		3C32EFB928D370E500F4178A /* View-Image.app */ = {isa = PBXFileReference; explicitFileType = wrapper.application; includeInIndex = 0; path = "View-Image.app"; sourceTree = BUILT_PRODUCTS_DIR; };
		3C32EFBC28D370E500F4178A /* View_ImageApp.swift */ = {isa = PBXFileReference; lastKnownFileType = sourcecode.swift; path = View_ImageApp.swift; sourceTree = "<group>"; };
		3C32EFBE28D370E500F4178A /* ContentView.swift */ = {isa = PBXFileReference; lastKnownFileType = sourcecode.swift; path = ContentView.swift; sourceTree = "<group>"; };
		3C32EFC028D370E700F4178A /* Assets.xcassets */ = {isa = PBXFileReference; lastKnownFileType = folder.assetcatalog; path = Assets.xcassets; sourceTree = "<group>"; };
		3C32EFC328D370E700F4178A /* Preview Assets.xcassets */ = {isa = PBXFileReference; lastKnownFileType = folder.assetcatalog; path = "Preview Assets.xcassets"; sourceTree = "<group>"; };
		3C32EFC928D370E700F4178A /* View-ImageTests.xctest */ = {isa = PBXFileReference; explicitFileType = wrapper.cfbundle; includeInIndex = 0; path = "View-ImageTests.xctest"; sourceTree = BUILT_PRODUCTS_DIR; };
		3C32EFCD28D370E700F4178A /* View_ImageTests.swift */ = {isa = PBXFileReference; lastKnownFileType = sourcecode.swift; path = View_ImageTests.swift; sourceTree = "<group>"; };
		3C32EFD328D370E700F4178A /* View-ImageUITests.xctest */ = {isa = PBXFileReference; explicitFileType = wrapper.cfbundle; includeInIndex = 0; path = "View-ImageUITests.xctest"; sourceTree = BUILT_PRODUCTS_DIR; };
		3C32EFD728D370E700F4178A /* View_ImageUITests.swift */ = {isa = PBXFileReference; lastKnownFileType = sourcecode.swift; path = View_ImageUITests.swift; sourceTree = "<group>"; };
		3C32EFD928D370E700F4178A /* View_ImageUITestsLaunchTests.swift */ = {isa = PBXFileReference; lastKnownFileType = sourcecode.swift; path = View_ImageUITestsLaunchTests.swift; sourceTree = "<group>"; };
/* End PBXFileReference section */

/* Begin PBXFrameworksBuildPhase section */
		3C32EFB628D370E500F4178A /* Frameworks */ = {
			isa = PBXFrameworksBuildPhase;
			buildActionMask = 2147483647;
			files = (
			);
			runOnlyForDeploymentPostprocessing = 0;
		};
		3C32EFC628D370E700F4178A /* Frameworks */ = {
			isa = PBXFrameworksBuildPhase;
			buildActionMask = 2147483647;
			files = (
			);
			runOnlyForDeploymentPostprocessing = 0;
		};
		3C32EFD028D370E700F4178A /* Frameworks */ = {
			isa = PBXFrameworksBuildPhase;
			buildActionMask = 2147483647;
			files = (
			);
			runOnlyForDeploymentPostprocessing = 0;
		};
/* End PBXFrameworksBuildPhase section */

/* Begin PBXGroup section */
		3C32EFB028D370E500F4178A = {
			isa = PBXGroup;
			children = (
				3C32EFBB28D370E500F4178A /* View-Image */,
				3C32EFCC28D370E700F4178A /* View-ImageTests */,
				3C32EFD628D370E700F4178A /* View-ImageUITests */,
				3C32EFBA28D370E500F4178A /* Products */,
			);
			sourceTree = "<group>";
		};
		3C32EFBA28D370E500F4178A /* Products */ = {
			isa = PBXGroup;
			children = (
				3C32EFB928D370E500F4178A /* View-Image.app */,
				3C32EFC928D370E700F4178A /* View-ImageTests.xctest */,
				3C32EFD328D370E700F4178A /* View-ImageUITests.xctest */,
			);
			name = Products;
			sourceTree = "<group>";
		};
		3C32EFBB28D370E500F4178A /* View-Image */ = {
			isa = PBXGroup;
			children = (
				3C32EFBC28D370E500F4178A /* View_ImageApp.swift */,
				3C32EFBE28D370E500F4178A /* ContentView.swift */,
				3C32EFC028D370E700F4178A /* Assets.xcassets */,
				3C32EFC228D370E700F4178A /* Preview Content */,
			);
			path = "View-Image";
			sourceTree = "<group>";
		};
		3C32EFC228D370E700F4178A /* Preview Content */ = {
			isa = PBXGroup;
			children = (
				3C32EFC328D370E700F4178A /* Preview Assets.xcassets */,
			);
			path = "Preview Content";
			sourceTree = "<group>";
		};
		3C32EFCC28D370E700F4178A /* View-ImageTests */ = {
			isa = PBXGroup;
			children = (
				3C32EFCD28D370E700F4178A /* View_ImageTests.swift */,
			);
			path = "View-ImageTests";
			sourceTree = "<group>";
		};
		3C32EFD628D370E700F4178A /* View-ImageUITests */ = {
			isa = PBXGroup;
			children = (
				3C32EFD728D370E700F4178A /* View_ImageUITests.swift */,
				3C32EFD928D370E700F4178A /* View_ImageUITestsLaunchTests.swift */,
			);
			path = "View-ImageUITests";
			sourceTree = "<group>";
		};
/* End PBXGroup section */

/* Begin PBXNativeTarget section */
		3C32EFB828D370E500F4178A /* View-Image */ = {
			isa = PBXNativeTarget;
			buildConfigurationList = 3C32EFDD28D370E700F4178A /* Build configuration list for PBXNativeTarget "View-Image" */;
			buildPhases = (
				3C32EFB528D370E500F4178A /* Sources */,
				3C32EFB628D370E500F4178A /* Frameworks */,
				3C32EFB728D370E500F4178A /* Resources */,
			);
			buildRules = (
			);
			dependencies = (
			);
			name = "View-Image";
			productName = "View-Image";
			productReference = 3C32EFB928D370E500F4178A /* View-Image.app */;
			productType = "com.apple.product-type.application";
		};
		3C32EFC828D370E700F4178A /* View-ImageTests */ = {
			isa = PBXNativeTarget;
			buildConfigurationList = 3C32EFE028D370E700F4178A /* Build configuration list for PBXNativeTarget "View-ImageTests" */;
			buildPhases = (
				3C32EFC528D370E700F4178A /* Sources */,
				3C32EFC628D370E700F4178A /* Frameworks */,
				3C32EFC728D370E700F4178A /* Resources */,
			);
			buildRules = (
			);
			dependencies = (
				3C32EFCB28D370E700F4178A /* PBXTargetDependency */,
			);
			name = "View-ImageTests";
			productName = "View-ImageTests";
			productReference = 3C32EFC928D370E700F4178A /* View-ImageTests.xctest */;
			productType = "com.apple.product-type.bundle.unit-test";
		};
		3C32EFD228D370E700F4178A /* View-ImageUITests */ = {
			isa = PBXNativeTarget;
			buildConfigurationList = 3C32EFE328D370E700F4178A /* Build configuration list for PBXNativeTarget "View-ImageUITests" */;
			buildPhases = (
				3C32EFCF28D370E700F4178A /* Sources */,
				3C32EFD028D370E700F4178A /* Frameworks */,
				3C32EFD128D370E700F4178A /* Resources */,
			);
			buildRules = (
			);
			dependencies = (
				3C32EFD528D370E700F4178A /* PBXTargetDependency */,
			);
			name = "View-ImageUITests";
			productName = "View-ImageUITests";
			productReference = 3C32EFD328D370E700F4178A /* View-ImageUITests.xctest */;
			productType = "com.apple.product-type.bundle.ui-testing";
		};
/* End PBXNativeTarget section */

/* Begin PBXProject section */
		3C32EFB128D370E500F4178A /* Project object */ = {
			isa = PBXProject;
			attributes = {
				BuildIndependentTargetsInParallel = 1;
				LastSwiftUpdateCheck = 1400;
				LastUpgradeCheck = 1400;
				TargetAttributes = {
					3C32EFB828D370E500F4178A = {
						CreatedOnToolsVersion = 14.0;
					};
					3C32EFC828D370E700F4178A = {
						CreatedOnToolsVersion = 14.0;
						TestTargetID = 3C32EFB828D370E500F4178A;
					};
					3C32EFD228D370E700F4178A = {
						CreatedOnToolsVersion = 14.0;
						TestTargetID = 3C32EFB828D370E500F4178A;
					};
				};
			};
			buildConfigurationList = 3C32EFB428D370E500F4178A /* Build configuration list for PBXProject "View-Image" */;
			compatibilityVersion = "Xcode 14.0";
			developmentRegion = en;
			hasScannedForEncodings = 0;
			knownRegions = (
				en,
				Base,
			);
			mainGroup = 3C32EFB028D370E500F4178A;
			productRefGroup = 3C32EFBA28D370E500F4178A /* Products */;
			projectDirPath = "";
			projectRoot = "";
			targets = (
				3C32EFB828D370E500F4178A /* View-Image */,
				3C32EFC828D370E700F4178A /* View-ImageTests */,
				3C32EFD228D370E700F4178A /* View-ImageUITests */,
			);
		};
/* End PBXProject section */

/* Begin PBXResourcesBuildPhase section */
		3C32EFB728D370E500F4178A /* Resources */ = {
			isa = PBXResourcesBuildPhase;
			buildActionMask = 2147483647;
			files = (
				3C32EFC428D370E700F4178A /* Preview Assets.xcassets in Resources */,
				3C32EFC128D370E700F4178A /* Assets.xcassets in Resources */,
			);
			runOnlyForDeploymentPostprocessing = 0;
		};
		3C32EFC728D370E700F4178A /* Resources */ = {
			isa = PBXResourcesBuildPhase;
			buildActionMask = 2147483647;
			files = (
			);
			runOnlyForDeploymentPostprocessing = 0;
		};
		3C32EFD128D370E700F4178A /* Resources */ = {
			isa = PBXResourcesBuildPhase;
			buildActionMask = 2147483647;
			files = (
			);
			runOnlyForDeploymentPostprocessing = 0;
		};
/* End PBXResourcesBuildPhase section */

/* Begin PBXSourcesBuildPhase section */
		3C32EFB528D370E500F4178A /* Sources */ = {
			isa = PBXSourcesBuildPhase;
			buildActionMask = 2147483647;
			files = (
				3C32EFBF28D370E500F4178A /* ContentView.swift in Sources */,
				3C32EFBD28D370E500F4178A /* View_ImageApp.swift in Sources */,
			);
			runOnlyForDeploymentPostprocessing = 0;
		};
		3C32EFC528D370E700F4178A /* Sources */ = {
			isa = PBXSourcesBuildPhase;
			buildActionMask = 2147483647;
			files = (
				3C32EFCE28D370E700F4178A /* View_ImageTests.swift in Sources */,
			);
			runOnlyForDeploymentPostprocessing = 0;
		};
		3C32EFCF28D370E700F4178A /* Sources */ = {
			isa = PBXSourcesBuildPhase;
			buildActionMask = 2147483647;
			files = (
				3C32EFD828D370E700F4178A /* View_ImageUITests.swift in Sources */,
				3C32EFDA28D370E700F4178A /* View_ImageUITestsLaunchTests.swift in Sources */,
			);
			runOnlyForDeploymentPostprocessing = 0;
		};
/* End PBXSourcesBuildPhase section */

/* Begin PBXTargetDependency section */
		3C32EFCB28D370E700F4178A /* PBXTargetDependency */ = {
			isa = PBXTargetDependency;
			target = 3C32EFB828D370E500F4178A /* View-Image */;
			targetProxy = 3C32EFCA28D370E700F4178A /* PBXContainerItemProxy */;
		};
		3C32EFD528D370E700F4178A /* PBXTargetDependency */ = {
			isa = PBXTargetDependency;
			target = 3C32EFB828D370E500F4178A /* View-Image */;
			targetProxy = 3C32EFD428D370E700F4178A /* PBXContainerItemProxy */;
		};
/* End PBXTargetDependency section */

/* Begin XCBuildConfiguration section */
		3C32EFDB28D370E700F4178A /* Debug */ = {
			isa = XCBuildConfiguration;
			buildSettings = {
				ALWAYS_SEARCH_USER_PATHS = NO;
				CLANG_ANALYZER_NONNULL = YES;
				CLANG_ANALYZER_NUMBER_OBJECT_CONVERSION = YES_AGGRESSIVE;
				CLANG_CXX_LANGUAGE_STANDARD = "gnu++20";
				CLANG_ENABLE_MODULES = YES;
				CLANG_ENABLE_OBJC_ARC = YES;
				CLANG_ENABLE_OBJC_WEAK = YES;
				CLANG_WARN_BLOCK_CAPTURE_AUTORELEASING = YES;
				CLANG_WARN_BOOL_CONVERSION = YES;
				CLANG_WARN_COMMA = YES;
				CLANG_WARN_CONSTANT_CONVERSION = YES;
				CLANG_WARN_DEPRECATED_OBJC_IMPLEMENTATIONS = YES;
				CLANG_WARN_DIRECT_OBJC_ISA_USAGE = YES_ERROR;
				CLANG_WARN_DOCUMENTATION_COMMENTS = YES;
				CLANG_WARN_EMPTY_BODY = YES;
				CLANG_WARN_ENUM_CONVERSION = YES;
				CLANG_WARN_INFINITE_RECURSION = YES;
				CLANG_WARN_INT_CONVERSION = YES;
				CLANG_WARN_NON_LITERAL_NULL_CONVERSION = YES;
				CLANG_WARN_OBJC_IMPLICIT_RETAIN_SELF = YES;
				CLANG_WARN_OBJC_LITERAL_CONVERSION = YES;
				CLANG_WARN_OBJC_ROOT_CLASS = YES_ERROR;
				CLANG_WARN_QUOTED_INCLUDE_IN_FRAMEWORK_HEADER = YES;
				CLANG_WARN_RANGE_LOOP_ANALYSIS = YES;
				CLANG_WARN_STRICT_PROTOTYPES = YES;
				CLANG_WARN_SUSPICIOUS_MOVE = YES;
				CLANG_WARN_UNGUARDED_AVAILABILITY = YES_AGGRESSIVE;
				CLANG_WARN_UNREACHABLE_CODE = YES;
				CLANG_WARN__DUPLICATE_METHOD_MATCH = YES;
				COPY_PHASE_STRIP = NO;
				DEBUG_INFORMATION_FORMAT = dwarf;
				ENABLE_STRICT_OBJC_MSGSEND = YES;
				ENABLE_TESTABILITY = YES;
				GCC_C_LANGUAGE_STANDARD = gnu11;
				GCC_DYNAMIC_NO_PIC = NO;
				GCC_NO_COMMON_BLOCKS = YES;
				GCC_OPTIMIZATION_LEVEL = 0;
				GCC_PREPROCESSOR_DEFINITIONS = (
					"DEBUG=1",
					"$(inherited)",
				);
				GCC_WARN_64_TO_32_BIT_CONVERSION = YES;
				GCC_WARN_ABOUT_RETURN_TYPE = YES_ERROR;
				GCC_WARN_UNDECLARED_SELECTOR = YES;
				GCC_WARN_UNINITIALIZED_AUTOS = YES_AGGRESSIVE;
				GCC_WARN_UNUSED_FUNCTION = YES;
				GCC_WARN_UNUSED_VARIABLE = YES;
				IPHONEOS_DEPLOYMENT_TARGET = 16.0;
				MTL_ENABLE_DEBUG_INFO = INCLUDE_SOURCE;
				MTL_FAST_MATH = YES;
				ONLY_ACTIVE_ARCH = YES;
				SDKROOT = iphoneos;
				SWIFT_ACTIVE_COMPILATION_CONDITIONS = DEBUG;
				SWIFT_OPTIMIZATION_LEVEL = "-Onone";
			};
			name = Debug;
		};
		3C32EFDC28D370E700F4178A /* Release */ = {
			isa = XCBuildConfiguration;
			buildSettings = {
				ALWAYS_SEARCH_USER_PATHS = NO;
				CLANG_ANALYZER_NONNULL = YES;
				CLANG_ANALYZER_NUMBER_OBJECT_CONVERSION = YES_AGGRESSIVE;
				CLANG_CXX_LANGUAGE_STANDARD = "gnu++20";
				CLANG_ENABLE_MODULES = YES;
				CLANG_ENABLE_OBJC_ARC = YES;
				CLANG_ENABLE_OBJC_WEAK = YES;
				CLANG_WARN_BLOCK_CAPTURE_AUTORELEASING = YES;
				CLANG_WARN_BOOL_CONVERSION = YES;
				CLANG_WARN_COMMA = YES;
				CLANG_WARN_CONSTANT_CONVERSION = YES;
				CLANG_WARN_DEPRECATED_OBJC_IMPLEMENTATIONS = YES;
				CLANG_WARN_DIRECT_OBJC_ISA_USAGE = YES_ERROR;
				CLANG_WARN_DOCUMENTATION_COMMENTS = YES;
				CLANG_WARN_EMPTY_BODY = YES;
				CLANG_WARN_ENUM_CONVERSION = YES;
				CLANG_WARN_INFINITE_RECURSION = YES;
				CLANG_WARN_INT_CONVERSION = YES;
				CLANG_WARN_NON_LITERAL_NULL_CONVERSION = YES;
				CLANG_WARN_OBJC_IMPLICIT_RETAIN_SELF = YES;
				CLANG_WARN_OBJC_LITERAL_CONVERSION = YES;
				CLANG_WARN_OBJC_ROOT_CLASS = YES_ERROR;
				CLANG_WARN_QUOTED_INCLUDE_IN_FRAMEWORK_HEADER = YES;
				CLANG_WARN_RANGE_LOOP_ANALYSIS = YES;
				CLANG_WARN_STRICT_PROTOTYPES = YES;
				CLANG_WARN_SUSPICIOUS_MOVE = YES;
				CLANG_WARN_UNGUARDED_AVAILABILITY = YES_AGGRESSIVE;
				CLANG_WARN_UNREACHABLE_CODE = YES;
				CLANG_WARN__DUPLICATE_METHOD_MATCH = YES;
				COPY_PHASE_STRIP = NO;
				DEBUG_INFORMATION_FORMAT = "dwarf-with-dsym";
				ENABLE_NS_ASSERTIONS = NO;
				ENABLE_STRICT_OBJC_MSGSEND = YES;
				GCC_C_LANGUAGE_STANDARD = gnu11;
				GCC_NO_COMMON_BLOCKS = YES;
				GCC_WARN_64_TO_32_BIT_CONVERSION = YES;
				GCC_WARN_ABOUT_RETURN_TYPE = YES_ERROR;
				GCC_WARN_UNDECLARED_SELECTOR = YES;
				GCC_WARN_UNINITIALIZED_AUTOS = YES_AGGRESSIVE;
				GCC_WARN_UNUSED_FUNCTION = YES;
				GCC_WARN_UNUSED_VARIABLE = YES;
				IPHONEOS_DEPLOYMENT_TARGET = 16.0;
				MTL_ENABLE_DEBUG_INFO = NO;
				MTL_FAST_MATH = YES;
				SDKROOT = iphoneos;
				SWIFT_COMPILATION_MODE = wholemodule;
				SWIFT_OPTIMIZATION_LEVEL = "-O";
				VALIDATE_PRODUCT = YES;
			};
			name = Release;
		};
		3C32EFDE28D370E700F4178A /* Debug */ = {
			isa = XCBuildConfiguration;
			buildSettings = {
				ASSETCATALOG_COMPILER_APPICON_NAME = AppIcon;
				ASSETCATALOG_COMPILER_GLOBAL_ACCENT_COLOR_NAME = AccentColor;
				CODE_SIGN_STYLE = Automatic;
				CURRENT_PROJECT_VERSION = 1;
				DEVELOPMENT_ASSET_PATHS = "\"View-Image/Preview Content\"";
				ENABLE_PREVIEWS = YES;
				GENERATE_INFOPLIST_FILE = YES;
				INFOPLIST_KEY_UIApplicationSceneManifest_Generation = YES;
				INFOPLIST_KEY_UIApplicationSupportsIndirectInputEvents = YES;
				INFOPLIST_KEY_UILaunchScreen_Generation = YES;
				INFOPLIST_KEY_UISupportedInterfaceOrientations_iPad = "UIInterfaceOrientationPortrait UIInterfaceOrientationPortraitUpsideDown UIInterfaceOrientationLandscapeLeft UIInterfaceOrientationLandscapeRight";
				INFOPLIST_KEY_UISupportedInterfaceOrientations_iPhone = "UIInterfaceOrientationPortrait UIInterfaceOrientationLandscapeLeft UIInterfaceOrientationLandscapeRight";
				LD_RUNPATH_SEARCH_PATHS = (
					"$(inherited)",
					"@executable_path/Frameworks",
				);
				MARKETING_VERSION = 1.0;
				PRODUCT_BUNDLE_IDENTIFIER = "developer.yungfan.View-Image";
				PRODUCT_NAME = "$(TARGET_NAME)";
				SWIFT_EMIT_LOC_STRINGS = YES;
				SWIFT_VERSION = 5.0;
				TARGETED_DEVICE_FAMILY = "1,2";
			};
			name = Debug;
		};
		3C32EFDF28D370E700F4178A /* Release */ = {
			isa = XCBuildConfiguration;
			buildSettings = {
				ASSETCATALOG_COMPILER_APPICON_NAME = AppIcon;
				ASSETCATALOG_COMPILER_GLOBAL_ACCENT_COLOR_NAME = AccentColor;
				CODE_SIGN_STYLE = Automatic;
				CURRENT_PROJECT_VERSION = 1;
				DEVELOPMENT_ASSET_PATHS = "\"View-Image/Preview Content\"";
				ENABLE_PREVIEWS = YES;
				GENERATE_INFOPLIST_FILE = YES;
				INFOPLIST_KEY_UIApplicationSceneManifest_Generation = YES;
				INFOPLIST_KEY_UIApplicationSupportsIndirectInputEvents = YES;
				INFOPLIST_KEY_UILaunchScreen_Generation = YES;
				INFOPLIST_KEY_UISupportedInterfaceOrientations_iPad = "UIInterfaceOrientationPortrait UIInterfaceOrientationPortraitUpsideDown UIInterfaceOrientationLandscapeLeft UIInterfaceOrientationLandscapeRight";
				INFOPLIST_KEY_UISupportedInterfaceOrientations_iPhone = "UIInterfaceOrientationPortrait UIInterfaceOrientationLandscapeLeft UIInterfaceOrientationLandscapeRight";
				LD_RUNPATH_SEARCH_PATHS = (
					"$(inherited)",
					"@executable_path/Frameworks",
				);
				MARKETING_VERSION = 1.0;
				PRODUCT_BUNDLE_IDENTIFIER = "developer.yungfan.View-Image";
				PRODUCT_NAME = "$(TARGET_NAME)";
				SWIFT_EMIT_LOC_STRINGS = YES;
				SWIFT_VERSION = 5.0;
				TARGETED_DEVICE_FAMILY = "1,2";
			};
			name = Release;
		};
		3C32EFE128D370E700F4178A /* Debug */ = {
			isa = XCBuildConfiguration;
			buildSettings = {
				ALWAYS_EMBED_SWIFT_STANDARD_LIBRARIES = YES;
				BUNDLE_LOADER = "$(TEST_HOST)";
				CODE_SIGN_STYLE = Automatic;
				CURRENT_PROJECT_VERSION = 1;
				GENERATE_INFOPLIST_FILE = YES;
				IPHONEOS_DEPLOYMENT_TARGET = 16.0;
				MARKETING_VERSION = 1.0;
				PRODUCT_BUNDLE_IDENTIFIER = "developer.yungfan.View-ImageTests";
				PRODUCT_NAME = "$(TARGET_NAME)";
				SWIFT_EMIT_LOC_STRINGS = NO;
				SWIFT_VERSION = 5.0;
				TARGETED_DEVICE_FAMILY = "1,2";
				TEST_HOST = "$(BUILT_PRODUCTS_DIR)/View-Image.app/$(BUNDLE_EXECUTABLE_FOLDER_PATH)/View-Image";
			};
			name = Debug;
		};
		3C32EFE228D370E700F4178A /* Release */ = {
			isa = XCBuildConfiguration;
			buildSettings = {
				ALWAYS_EMBED_SWIFT_STANDARD_LIBRARIES = YES;
				BUNDLE_LOADER = "$(TEST_HOST)";
				CODE_SIGN_STYLE = Automatic;
				CURRENT_PROJECT_VERSION = 1;
				GENERATE_INFOPLIST_FILE = YES;
				IPHONEOS_DEPLOYMENT_TARGET = 16.0;
				MARKETING_VERSION = 1.0;
				PRODUCT_BUNDLE_IDENTIFIER = "developer.yungfan.View-ImageTests";
				PRODUCT_NAME = "$(TARGET_NAME)";
				SWIFT_EMIT_LOC_STRINGS = NO;
				SWIFT_VERSION = 5.0;
				TARGETED_DEVICE_FAMILY = "1,2";
				TEST_HOST = "$(BUILT_PRODUCTS_DIR)/View-Image.app/$(BUNDLE_EXECUTABLE_FOLDER_PATH)/View-Image";
			};
			name = Release;
		};
		3C32EFE428D370E700F4178A /* Debug */ = {
			isa = XCBuildConfiguration;
			buildSettings = {
				ALWAYS_EMBED_SWIFT_STANDARD_LIBRARIES = YES;
				CODE_SIGN_STYLE = Automatic;
				CURRENT_PROJECT_VERSION = 1;
				GENERATE_INFOPLIST_FILE = YES;
				MARKETING_VERSION = 1.0;
				PRODUCT_BUNDLE_IDENTIFIER = "developer.yungfan.View-ImageUITests";
				PRODUCT_NAME = "$(TARGET_NAME)";
				SWIFT_EMIT_LOC_STRINGS = NO;
				SWIFT_VERSION = 5.0;
				TARGETED_DEVICE_FAMILY = "1,2";
				TEST_TARGET_NAME = "View-Image";
			};
			name = Debug;
		};
		3C32EFE528D370E700F4178A /* Release */ = {
			isa = XCBuildConfiguration;
			buildSettings = {
				ALWAYS_EMBED_SWIFT_STANDARD_LIBRARIES = YES;
				CODE_SIGN_STYLE = Automatic;
				CURRENT_PROJECT_VERSION = 1;
				GENERATE_INFOPLIST_FILE = YES;
				MARKETING_VERSION = 1.0;
				PRODUCT_BUNDLE_IDENTIFIER = "developer.yungfan.View-ImageUITests";
				PRODUCT_NAME = "$(TARGET_NAME)";
				SWIFT_EMIT_LOC_STRINGS = NO;
				SWIFT_VERSION = 5.0;
				TARGETED_DEVICE_FAMILY = "1,2";
				TEST_TARGET_NAME = "View-Image";
			};
			name = Release;
		};
/* End XCBuildConfiguration section */

/* Begin XCConfigurationList section */
		3C32EFB428D370E500F4178A /* Build configuration list for PBXProject "View-Image" */ = {
			isa = XCConfigurationList;
			buildConfigurations = (
				3C32EFDB28D370E700F4178A /* Debug */,
				3C32EFDC28D370E700F4178A /* Release */,
			);
			defaultConfigurationIsVisible = 0;
			defaultConfigurationName = Release;
		};
		3C32EFDD28D370E700F4178A /* Build configuration list for PBXNativeTarget "View-Image" */ = {
			isa = XCConfigurationList;
			buildConfigurations = (
				3C32EFDE28D370E700F4178A /* Debug */,
				3C32EFDF28D370E700F4178A /* Release */,
			);
			defaultConfigurationIsVisible = 0;
			defaultConfigurationName = Release;
		};
		3C32EFE028D370E700F4178A /* Build configuration list for PBXNativeTarget "View-ImageTests" */ = {
			isa = XCConfigurationList;
			buildConfigurations = (
				3C32EFE128D370E700F4178A /* Debug */,
				3C32EFE228D370E700F4178A /* Release */,
			);
			defaultConfigurationIsVisible = 0;
			defaultConfigurationName = Release;
		};
		3C32EFE328D370E700F4178A /* Build configuration list for PBXNativeTarget "View-ImageUITests" */ = {
			isa = XCConfigurationList;
			buildConfigurations = (
				3C32EFE428D370E700F4178A /* Debug */,
				3C32EFE528D370E700F4178A /* Release */,
			);
			defaultConfigurationIsVisible = 0;
			defaultConfigurationName = Release;
		};
/* End XCConfigurationList section */
	};
	rootObject = 3C32EFB128D370E500F4178A /* Project object */;
}
