// !$*UTF8*$!
{
	archiveVersion = 1;
	classes = {
	};
	objectVersion = 56;
	objects = {

/* Begin PBXBuildFile section */
		3CE0969E2AB2013900393B3F /* TipKitDemo2App.swift in Sources */ = {isa = PBXBuildFile; fileRef = 3CE0969D2AB2013900393B3F /* TipKitDemo2App.swift */; };
		3CE096A02AB2013900393B3F /* ContentView.swift in Sources */ = {isa = PBXBuildFile; fileRef = 3CE0969F2AB2013900393B3F /* ContentView.swift */; };
		3CE096A22AB2013B00393B3F /* Assets.xcassets in Resources */ = {isa = PBXBuildFile; fileRef = 3CE096A12AB2013B00393B3F /* Assets.xcassets */; };
		3CE096A52AB2013B00393B3F /* Preview Assets.xcassets in Resources */ = {isa = PBXBuildFile; fileRef = 3CE096A42AB2013B00393B3F /* Preview Assets.xcassets */; };
		3CE096AF2AB2013C00393B3F /* TipKitDemo2Tests.swift in Sources */ = {isa = PBXBuildFile; fileRef = 3CE096AE2AB2013C00393B3F /* TipKitDemo2Tests.swift */; };
		3CE096B92AB2013C00393B3F /* TipKitDemo2UITests.swift in Sources */ = {isa = PBXBuildFile; fileRef = 3CE096B82AB2013C00393B3F /* TipKitDemo2UITests.swift */; };
		3CE096BB2AB2013C00393B3F /* TipKitDemo2UITestsLaunchTests.swift in Sources */ = {isa = PBXBuildFile; fileRef = 3CE096BA2AB2013C00393B3F /* TipKitDemo2UITestsLaunchTests.swift */; };
/* End PBXBuildFile section */

/* Begin PBXContainerItemProxy section */
		3CE096AB2AB2013C00393B3F /* PBXContainerItemProxy */ = {
			isa = PBXContainerItemProxy;
			containerPortal = 3CE096922AB2013900393B3F /* Project object */;
			proxyType = 1;
			remoteGlobalIDString = 3CE096992AB2013900393B3F;
			remoteInfo = TipKitDemo2;
		};
		3CE096B52AB2013C00393B3F /* PBXContainerItemProxy */ = {
			isa = PBXContainerItemProxy;
			containerPortal = 3CE096922AB2013900393B3F /* Project object */;
			proxyType = 1;
			remoteGlobalIDString = 3CE096992AB2013900393B3F;
			remoteInfo = TipKitDemo2;
		};
/* End PBXContainerItemProxy section */

/* Begin PBXFileReference section */
		3CE0969A2AB2013900393B3F /* TipKitDemo2.app */ = {isa = PBXFileReference; explicitFileType = wrapper.application; includeInIndex = 0; path = TipKitDemo2.app; sourceTree = BUILT_PRODUCTS_DIR; };
		3CE0969D2AB2013900393B3F /* TipKitDemo2App.swift */ = {isa = PBXFileReference; lastKnownFileType = sourcecode.swift; path = TipKitDemo2App.swift; sourceTree = "<group>"; };
		3CE0969F2AB2013900393B3F /* ContentView.swift */ = {isa = PBXFileReference; lastKnownFileType = sourcecode.swift; path = ContentView.swift; sourceTree = "<group>"; };
		3CE096A12AB2013B00393B3F /* Assets.xcassets */ = {isa = PBXFileReference; lastKnownFileType = folder.assetcatalog; path = Assets.xcassets; sourceTree = "<group>"; };
		3CE096A42AB2013B00393B3F /* Preview Assets.xcassets */ = {isa = PBXFileReference; lastKnownFileType = folder.assetcatalog; path = "Preview Assets.xcassets"; sourceTree = "<group>"; };
		3CE096AA2AB2013C00393B3F /* TipKitDemo2Tests.xctest */ = {isa = PBXFileReference; explicitFileType = wrapper.cfbundle; includeInIndex = 0; path = TipKitDemo2Tests.xctest; sourceTree = BUILT_PRODUCTS_DIR; };
		3CE096AE2AB2013C00393B3F /* TipKitDemo2Tests.swift */ = {isa = PBXFileReference; lastKnownFileType = sourcecode.swift; path = TipKitDemo2Tests.swift; sourceTree = "<group>"; };
		3CE096B42AB2013C00393B3F /* TipKitDemo2UITests.xctest */ = {isa = PBXFileReference; explicitFileType = wrapper.cfbundle; includeInIndex = 0; path = TipKitDemo2UITests.xctest; sourceTree = BUILT_PRODUCTS_DIR; };
		3CE096B82AB2013C00393B3F /* TipKitDemo2UITests.swift */ = {isa = PBXFileReference; lastKnownFileType = sourcecode.swift; path = TipKitDemo2UITests.swift; sourceTree = "<group>"; };
		3CE096BA2AB2013C00393B3F /* TipKitDemo2UITestsLaunchTests.swift */ = {isa = PBXFileReference; lastKnownFileType = sourcecode.swift; path = TipKitDemo2UITestsLaunchTests.swift; sourceTree = "<group>"; };
/* End PBXFileReference section */

/* Begin PBXFrameworksBuildPhase section */
		3CE096972AB2013900393B3F /* Frameworks */ = {
			isa = PBXFrameworksBuildPhase;
			buildActionMask = 2147483647;
			files = (
			);
			runOnlyForDeploymentPostprocessing = 0;
		};
		3CE096A72AB2013C00393B3F /* Frameworks */ = {
			isa = PBXFrameworksBuildPhase;
			buildActionMask = 2147483647;
			files = (
			);
			runOnlyForDeploymentPostprocessing = 0;
		};
		3CE096B12AB2013C00393B3F /* Frameworks */ = {
			isa = PBXFrameworksBuildPhase;
			buildActionMask = 2147483647;
			files = (
			);
			runOnlyForDeploymentPostprocessing = 0;
		};
/* End PBXFrameworksBuildPhase section */

/* Begin PBXGroup section */
		3CE096912AB2013900393B3F = {
			isa = PBXGroup;
			children = (
				3CE0969C2AB2013900393B3F /* TipKitDemo2 */,
				3CE096AD2AB2013C00393B3F /* TipKitDemo2Tests */,
				3CE096B72AB2013C00393B3F /* TipKitDemo2UITests */,
				3CE0969B2AB2013900393B3F /* Products */,
			);
			sourceTree = "<group>";
		};
		3CE0969B2AB2013900393B3F /* Products */ = {
			isa = PBXGroup;
			children = (
				3CE0969A2AB2013900393B3F /* TipKitDemo2.app */,
				3CE096AA2AB2013C00393B3F /* TipKitDemo2Tests.xctest */,
				3CE096B42AB2013C00393B3F /* TipKitDemo2UITests.xctest */,
			);
			name = Products;
			sourceTree = "<group>";
		};
		3CE0969C2AB2013900393B3F /* TipKitDemo2 */ = {
			isa = PBXGroup;
			children = (
				3CE0969D2AB2013900393B3F /* TipKitDemo2App.swift */,
				3CE0969F2AB2013900393B3F /* ContentView.swift */,
				3CE096A12AB2013B00393B3F /* Assets.xcassets */,
				3CE096A32AB2013B00393B3F /* Preview Content */,
			);
			path = TipKitDemo2;
			sourceTree = "<group>";
		};
		3CE096A32AB2013B00393B3F /* Preview Content */ = {
			isa = PBXGroup;
			children = (
				3CE096A42AB2013B00393B3F /* Preview Assets.xcassets */,
			);
			path = "Preview Content";
			sourceTree = "<group>";
		};
		3CE096AD2AB2013C00393B3F /* TipKitDemo2Tests */ = {
			isa = PBXGroup;
			children = (
				3CE096AE2AB2013C00393B3F /* TipKitDemo2Tests.swift */,
			);
			path = TipKitDemo2Tests;
			sourceTree = "<group>";
		};
		3CE096B72AB2013C00393B3F /* TipKitDemo2UITests */ = {
			isa = PBXGroup;
			children = (
				3CE096B82AB2013C00393B3F /* TipKitDemo2UITests.swift */,
				3CE096BA2AB2013C00393B3F /* TipKitDemo2UITestsLaunchTests.swift */,
			);
			path = TipKitDemo2UITests;
			sourceTree = "<group>";
		};
/* End PBXGroup section */

/* Begin PBXNativeTarget section */
		3CE096992AB2013900393B3F /* TipKitDemo2 */ = {
			isa = PBXNativeTarget;
			buildConfigurationList = 3CE096BE2AB2013C00393B3F /* Build configuration list for PBXNativeTarget "TipKitDemo2" */;
			buildPhases = (
				3CE096962AB2013900393B3F /* Sources */,
				3CE096972AB2013900393B3F /* Frameworks */,
				3CE096982AB2013900393B3F /* Resources */,
			);
			buildRules = (
			);
			dependencies = (
			);
			name = TipKitDemo2;
			productName = TipKitDemo2;
			productReference = 3CE0969A2AB2013900393B3F /* TipKitDemo2.app */;
			productType = "com.apple.product-type.application";
		};
		3CE096A92AB2013C00393B3F /* TipKitDemo2Tests */ = {
			isa = PBXNativeTarget;
			buildConfigurationList = 3CE096C12AB2013C00393B3F /* Build configuration list for PBXNativeTarget "TipKitDemo2Tests" */;
			buildPhases = (
				3CE096A62AB2013C00393B3F /* Sources */,
				3CE096A72AB2013C00393B3F /* Frameworks */,
				3CE096A82AB2013C00393B3F /* Resources */,
			);
			buildRules = (
			);
			dependencies = (
				3CE096AC2AB2013C00393B3F /* PBXTargetDependency */,
			);
			name = TipKitDemo2Tests;
			productName = TipKitDemo2Tests;
			productReference = 3CE096AA2AB2013C00393B3F /* TipKitDemo2Tests.xctest */;
			productType = "com.apple.product-type.bundle.unit-test";
		};
		3CE096B32AB2013C00393B3F /* TipKitDemo2UITests */ = {
			isa = PBXNativeTarget;
			buildConfigurationList = 3CE096C42AB2013C00393B3F /* Build configuration list for PBXNativeTarget "TipKitDemo2UITests" */;
			buildPhases = (
				3CE096B02AB2013C00393B3F /* Sources */,
				3CE096B12AB2013C00393B3F /* Frameworks */,
				3CE096B22AB2013C00393B3F /* Resources */,
			);
			buildRules = (
			);
			dependencies = (
				3CE096B62AB2013C00393B3F /* PBXTargetDependency */,
			);
			name = TipKitDemo2UITests;
			productName = TipKitDemo2UITests;
			productReference = 3CE096B42AB2013C00393B3F /* TipKitDemo2UITests.xctest */;
			productType = "com.apple.product-type.bundle.ui-testing";
		};
/* End PBXNativeTarget section */

/* Begin PBXProject section */
		3CE096922AB2013900393B3F /* Project object */ = {
			isa = PBXProject;
			attributes = {
				BuildIndependentTargetsInParallel = 1;
				LastSwiftUpdateCheck = 1500;
				LastUpgradeCheck = 1500;
				TargetAttributes = {
					3CE096992AB2013900393B3F = {
						CreatedOnToolsVersion = 15.0;
					};
					3CE096A92AB2013C00393B3F = {
						CreatedOnToolsVersion = 15.0;
						TestTargetID = 3CE096992AB2013900393B3F;
					};
					3CE096B32AB2013C00393B3F = {
						CreatedOnToolsVersion = 15.0;
						TestTargetID = 3CE096992AB2013900393B3F;
					};
				};
			};
			buildConfigurationList = 3CE096952AB2013900393B3F /* Build configuration list for PBXProject "TipKitDemo2" */;
			compatibilityVersion = "Xcode 14.0";
			developmentRegion = en;
			hasScannedForEncodings = 0;
			knownRegions = (
				en,
				Base,
			);
			mainGroup = 3CE096912AB2013900393B3F;
			productRefGroup = 3CE0969B2AB2013900393B3F /* Products */;
			projectDirPath = "";
			projectRoot = "";
			targets = (
				3CE096992AB2013900393B3F /* TipKitDemo2 */,
				3CE096A92AB2013C00393B3F /* TipKitDemo2Tests */,
				3CE096B32AB2013C00393B3F /* TipKitDemo2UITests */,
			);
		};
/* End PBXProject section */

/* Begin PBXResourcesBuildPhase section */
		3CE096982AB2013900393B3F /* Resources */ = {
			isa = PBXResourcesBuildPhase;
			buildActionMask = 2147483647;
			files = (
				3CE096A52AB2013B00393B3F /* Preview Assets.xcassets in Resources */,
				3CE096A22AB2013B00393B3F /* Assets.xcassets in Resources */,
			);
			runOnlyForDeploymentPostprocessing = 0;
		};
		3CE096A82AB2013C00393B3F /* Resources */ = {
			isa = PBXResourcesBuildPhase;
			buildActionMask = 2147483647;
			files = (
			);
			runOnlyForDeploymentPostprocessing = 0;
		};
		3CE096B22AB2013C00393B3F /* Resources */ = {
			isa = PBXResourcesBuildPhase;
			buildActionMask = 2147483647;
			files = (
			);
			runOnlyForDeploymentPostprocessing = 0;
		};
/* End PBXResourcesBuildPhase section */

/* Begin PBXSourcesBuildPhase section */
		3CE096962AB2013900393B3F /* Sources */ = {
			isa = PBXSourcesBuildPhase;
			buildActionMask = 2147483647;
			files = (
				3CE096A02AB2013900393B3F /* ContentView.swift in Sources */,
				3CE0969E2AB2013900393B3F /* TipKitDemo2App.swift in Sources */,
			);
			runOnlyForDeploymentPostprocessing = 0;
		};
		3CE096A62AB2013C00393B3F /* Sources */ = {
			isa = PBXSourcesBuildPhase;
			buildActionMask = 2147483647;
			files = (
				3CE096AF2AB2013C00393B3F /* TipKitDemo2Tests.swift in Sources */,
			);
			runOnlyForDeploymentPostprocessing = 0;
		};
		3CE096B02AB2013C00393B3F /* Sources */ = {
			isa = PBXSourcesBuildPhase;
			buildActionMask = 2147483647;
			files = (
				3CE096B92AB2013C00393B3F /* TipKitDemo2UITests.swift in Sources */,
				3CE096BB2AB2013C00393B3F /* TipKitDemo2UITestsLaunchTests.swift in Sources */,
			);
			runOnlyForDeploymentPostprocessing = 0;
		};
/* End PBXSourcesBuildPhase section */

/* Begin PBXTargetDependency section */
		3CE096AC2AB2013C00393B3F /* PBXTargetDependency */ = {
			isa = PBXTargetDependency;
			target = 3CE096992AB2013900393B3F /* TipKitDemo2 */;
			targetProxy = 3CE096AB2AB2013C00393B3F /* PBXContainerItemProxy */;
		};
		3CE096B62AB2013C00393B3F /* PBXTargetDependency */ = {
			isa = PBXTargetDependency;
			target = 3CE096992AB2013900393B3F /* TipKitDemo2 */;
			targetProxy = 3CE096B52AB2013C00393B3F /* PBXContainerItemProxy */;
		};
/* End PBXTargetDependency section */

/* Begin XCBuildConfiguration section */
		3CE096BC2AB2013C00393B3F /* Debug */ = {
			isa = XCBuildConfiguration;
			buildSettings = {
				ALWAYS_SEARCH_USER_PATHS = NO;
				ASSETCATALOG_COMPILER_GENERATE_SWIFT_ASSET_SYMBOL_EXTENSIONS = YES;
				CLANG_ANALYZER_NONNULL = YES;
				CLANG_ANALYZER_NUMBER_OBJECT_CONVERSION = YES_AGGRESSIVE;
				CLANG_CXX_LANGUAGE_STANDARD = "gnu++20";
				CLANG_ENABLE_MODULES = YES;
				CLANG_ENABLE_OBJC_ARC = YES;
				CLANG_ENABLE_OBJC_WEAK = YES;
				CLANG_WARN_BLOCK_CAPTURE_AUTORELEASING = YES;
				CLANG_WARN_BOOL_CONVERSION = YES;
				CLANG_WARN_COMMA = YES;
				CLANG_WARN_CONSTANT_CONVERSION = YES;
				CLANG_WARN_DEPRECATED_OBJC_IMPLEMENTATIONS = YES;
				CLANG_WARN_DIRECT_OBJC_ISA_USAGE = YES_ERROR;
				CLANG_WARN_DOCUMENTATION_COMMENTS = YES;
				CLANG_WARN_EMPTY_BODY = YES;
				CLANG_WARN_ENUM_CONVERSION = YES;
				CLANG_WARN_INFINITE_RECURSION = YES;
				CLANG_WARN_INT_CONVERSION = YES;
				CLANG_WARN_NON_LITERAL_NULL_CONVERSION = YES;
				CLANG_WARN_OBJC_IMPLICIT_RETAIN_SELF = YES;
				CLANG_WARN_OBJC_LITERAL_CONVERSION = YES;
				CLANG_WARN_OBJC_ROOT_CLASS = YES_ERROR;
				CLANG_WARN_QUOTED_INCLUDE_IN_FRAMEWORK_HEADER = YES;
				CLANG_WARN_RANGE_LOOP_ANALYSIS = YES;
				CLANG_WARN_STRICT_PROTOTYPES = YES;
				CLANG_WARN_SUSPICIOUS_MOVE = YES;
				CLANG_WARN_UNGUARDED_AVAILABILITY = YES_AGGRESSIVE;
				CLANG_WARN_UNREACHABLE_CODE = YES;
				CLANG_WARN__DUPLICATE_METHOD_MATCH = YES;
				COPY_PHASE_STRIP = NO;
				DEBUG_INFORMATION_FORMAT = dwarf;
				ENABLE_STRICT_OBJC_MSGSEND = YES;
				ENABLE_TESTABILITY = YES;
				ENABLE_USER_SCRIPT_SANDBOXING = YES;
				GCC_C_LANGUAGE_STANDARD = gnu17;
				GCC_DYNAMIC_NO_PIC = NO;
				GCC_NO_COMMON_BLOCKS = YES;
				GCC_OPTIMIZATION_LEVEL = 0;
				GCC_PREPROCESSOR_DEFINITIONS = (
					"DEBUG=1",
					"$(inherited)",
				);
				GCC_WARN_64_TO_32_BIT_CONVERSION = YES;
				GCC_WARN_ABOUT_RETURN_TYPE = YES_ERROR;
				GCC_WARN_UNDECLARED_SELECTOR = YES;
				GCC_WARN_UNINITIALIZED_AUTOS = YES_AGGRESSIVE;
				GCC_WARN_UNUSED_FUNCTION = YES;
				GCC_WARN_UNUSED_VARIABLE = YES;
				IPHONEOS_DEPLOYMENT_TARGET = 17.0;
				LOCALIZATION_PREFERS_STRING_CATALOGS = YES;
				MTL_ENABLE_DEBUG_INFO = INCLUDE_SOURCE;
				MTL_FAST_MATH = YES;
				ONLY_ACTIVE_ARCH = YES;
				SDKROOT = iphoneos;
				SWIFT_ACTIVE_COMPILATION_CONDITIONS = "DEBUG $(inherited)";
				SWIFT_OPTIMIZATION_LEVEL = "-Onone";
			};
			name = Debug;
		};
		3CE096BD2AB2013C00393B3F /* Release */ = {
			isa = XCBuildConfiguration;
			buildSettings = {
				ALWAYS_SEARCH_USER_PATHS = NO;
				ASSETCATALOG_COMPILER_GENERATE_SWIFT_ASSET_SYMBOL_EXTENSIONS = YES;
				CLANG_ANALYZER_NONNULL = YES;
				CLANG_ANALYZER_NUMBER_OBJECT_CONVERSION = YES_AGGRESSIVE;
				CLANG_CXX_LANGUAGE_STANDARD = "gnu++20";
				CLANG_ENABLE_MODULES = YES;
				CLANG_ENABLE_OBJC_ARC = YES;
				CLANG_ENABLE_OBJC_WEAK = YES;
				CLANG_WARN_BLOCK_CAPTURE_AUTORELEASING = YES;
				CLANG_WARN_BOOL_CONVERSION = YES;
				CLANG_WARN_COMMA = YES;
				CLANG_WARN_CONSTANT_CONVERSION = YES;
				CLANG_WARN_DEPRECATED_OBJC_IMPLEMENTATIONS = YES;
				CLANG_WARN_DIRECT_OBJC_ISA_USAGE = YES_ERROR;
				CLANG_WARN_DOCUMENTATION_COMMENTS = YES;
				CLANG_WARN_EMPTY_BODY = YES;
				CLANG_WARN_ENUM_CONVERSION = YES;
				CLANG_WARN_INFINITE_RECURSION = YES;
				CLANG_WARN_INT_CONVERSION = YES;
				CLANG_WARN_NON_LITERAL_NULL_CONVERSION = YES;
				CLANG_WARN_OBJC_IMPLICIT_RETAIN_SELF = YES;
				CLANG_WARN_OBJC_LITERAL_CONVERSION = YES;
				CLANG_WARN_OBJC_ROOT_CLASS = YES_ERROR;
				CLANG_WARN_QUOTED_INCLUDE_IN_FRAMEWORK_HEADER = YES;
				CLANG_WARN_RANGE_LOOP_ANALYSIS = YES;
				CLANG_WARN_STRICT_PROTOTYPES = YES;
				CLANG_WARN_SUSPICIOUS_MOVE = YES;
				CLANG_WARN_UNGUARDED_AVAILABILITY = YES_AGGRESSIVE;
				CLANG_WARN_UNREACHABLE_CODE = YES;
				CLANG_WARN__DUPLICATE_METHOD_MATCH = YES;
				COPY_PHASE_STRIP = NO;
				DEBUG_INFORMATION_FORMAT = "dwarf-with-dsym";
				ENABLE_NS_ASSERTIONS = NO;
				ENABLE_STRICT_OBJC_MSGSEND = YES;
				ENABLE_USER_SCRIPT_SANDBOXING = YES;
				GCC_C_LANGUAGE_STANDARD = gnu17;
				GCC_NO_COMMON_BLOCKS = YES;
				GCC_WARN_64_TO_32_BIT_CONVERSION = YES;
				GCC_WARN_ABOUT_RETURN_TYPE = YES_ERROR;
				GCC_WARN_UNDECLARED_SELECTOR = YES;
				GCC_WARN_UNINITIALIZED_AUTOS = YES_AGGRESSIVE;
				GCC_WARN_UNUSED_FUNCTION = YES;
				GCC_WARN_UNUSED_VARIABLE = YES;
				IPHONEOS_DEPLOYMENT_TARGET = 17.0;
				LOCALIZATION_PREFERS_STRING_CATALOGS = YES;
				MTL_ENABLE_DEBUG_INFO = NO;
				MTL_FAST_MATH = YES;
				SDKROOT = iphoneos;
				SWIFT_COMPILATION_MODE = wholemodule;
				VALIDATE_PRODUCT = YES;
			};
			name = Release;
		};
		3CE096BF2AB2013C00393B3F /* Debug */ = {
			isa = XCBuildConfiguration;
			buildSettings = {
				ASSETCATALOG_COMPILER_APPICON_NAME = AppIcon;
				ASSETCATALOG_COMPILER_GLOBAL_ACCENT_COLOR_NAME = AccentColor;
				CODE_SIGN_STYLE = Automatic;
				CURRENT_PROJECT_VERSION = 1;
				DEVELOPMENT_ASSET_PATHS = "\"TipKitDemo2/Preview Content\"";
				ENABLE_PREVIEWS = YES;
				GENERATE_INFOPLIST_FILE = YES;
				INFOPLIST_KEY_UIApplicationSceneManifest_Generation = YES;
				INFOPLIST_KEY_UIApplicationSupportsIndirectInputEvents = YES;
				INFOPLIST_KEY_UILaunchScreen_Generation = YES;
				INFOPLIST_KEY_UISupportedInterfaceOrientations_iPad = "UIInterfaceOrientationPortrait UIInterfaceOrientationPortraitUpsideDown UIInterfaceOrientationLandscapeLeft UIInterfaceOrientationLandscapeRight";
				INFOPLIST_KEY_UISupportedInterfaceOrientations_iPhone = "UIInterfaceOrientationPortrait UIInterfaceOrientationLandscapeLeft UIInterfaceOrientationLandscapeRight";
				LD_RUNPATH_SEARCH_PATHS = (
					"$(inherited)",
					"@executable_path/Frameworks",
				);
				MARKETING_VERSION = 1.0;
				PRODUCT_BUNDLE_IDENTIFIER = yf.developer.cn.TipKitDemo2;
				PRODUCT_NAME = "$(TARGET_NAME)";
				SWIFT_EMIT_LOC_STRINGS = YES;
				SWIFT_VERSION = 5.0;
				TARGETED_DEVICE_FAMILY = "1,2";
			};
			name = Debug;
		};
		3CE096C02AB2013C00393B3F /* Release */ = {
			isa = XCBuildConfiguration;
			buildSettings = {
				ASSETCATALOG_COMPILER_APPICON_NAME = AppIcon;
				ASSETCATALOG_COMPILER_GLOBAL_ACCENT_COLOR_NAME = AccentColor;
				CODE_SIGN_STYLE = Automatic;
				CURRENT_PROJECT_VERSION = 1;
				DEVELOPMENT_ASSET_PATHS = "\"TipKitDemo2/Preview Content\"";
				ENABLE_PREVIEWS = YES;
				GENERATE_INFOPLIST_FILE = YES;
				INFOPLIST_KEY_UIApplicationSceneManifest_Generation = YES;
				INFOPLIST_KEY_UIApplicationSupportsIndirectInputEvents = YES;
				INFOPLIST_KEY_UILaunchScreen_Generation = YES;
				INFOPLIST_KEY_UISupportedInterfaceOrientations_iPad = "UIInterfaceOrientationPortrait UIInterfaceOrientationPortraitUpsideDown UIInterfaceOrientationLandscapeLeft UIInterfaceOrientationLandscapeRight";
				INFOPLIST_KEY_UISupportedInterfaceOrientations_iPhone = "UIInterfaceOrientationPortrait UIInterfaceOrientationLandscapeLeft UIInterfaceOrientationLandscapeRight";
				LD_RUNPATH_SEARCH_PATHS = (
					"$(inherited)",
					"@executable_path/Frameworks",
				);
				MARKETING_VERSION = 1.0;
				PRODUCT_BUNDLE_IDENTIFIER = yf.developer.cn.TipKitDemo2;
				PRODUCT_NAME = "$(TARGET_NAME)";
				SWIFT_EMIT_LOC_STRINGS = YES;
				SWIFT_VERSION = 5.0;
				TARGETED_DEVICE_FAMILY = "1,2";
			};
			name = Release;
		};
		3CE096C22AB2013C00393B3F /* Debug */ = {
			isa = XCBuildConfiguration;
			buildSettings = {
				ALWAYS_EMBED_SWIFT_STANDARD_LIBRARIES = YES;
				BUNDLE_LOADER = "$(TEST_HOST)";
				CODE_SIGN_STYLE = Automatic;
				CURRENT_PROJECT_VERSION = 1;
				GENERATE_INFOPLIST_FILE = YES;
				IPHONEOS_DEPLOYMENT_TARGET = 17.0;
				MARKETING_VERSION = 1.0;
				PRODUCT_BUNDLE_IDENTIFIER = yf.developer.cn.TipKitDemo2Tests;
				PRODUCT_NAME = "$(TARGET_NAME)";
				SWIFT_EMIT_LOC_STRINGS = NO;
				SWIFT_VERSION = 5.0;
				TARGETED_DEVICE_FAMILY = "1,2";
				TEST_HOST = "$(BUILT_PRODUCTS_DIR)/TipKitDemo2.app/$(BUNDLE_EXECUTABLE_FOLDER_PATH)/TipKitDemo2";
			};
			name = Debug;
		};
		3CE096C32AB2013C00393B3F /* Release */ = {
			isa = XCBuildConfiguration;
			buildSettings = {
				ALWAYS_EMBED_SWIFT_STANDARD_LIBRARIES = YES;
				BUNDLE_LOADER = "$(TEST_HOST)";
				CODE_SIGN_STYLE = Automatic;
				CURRENT_PROJECT_VERSION = 1;
				GENERATE_INFOPLIST_FILE = YES;
				IPHONEOS_DEPLOYMENT_TARGET = 17.0;
				MARKETING_VERSION = 1.0;
				PRODUCT_BUNDLE_IDENTIFIER = yf.developer.cn.TipKitDemo2Tests;
				PRODUCT_NAME = "$(TARGET_NAME)";
				SWIFT_EMIT_LOC_STRINGS = NO;
				SWIFT_VERSION = 5.0;
				TARGETED_DEVICE_FAMILY = "1,2";
				TEST_HOST = "$(BUILT_PRODUCTS_DIR)/TipKitDemo2.app/$(BUNDLE_EXECUTABLE_FOLDER_PATH)/TipKitDemo2";
			};
			name = Release;
		};
		3CE096C52AB2013C00393B3F /* Debug */ = {
			isa = XCBuildConfiguration;
			buildSettings = {
				ALWAYS_EMBED_SWIFT_STANDARD_LIBRARIES = YES;
				CODE_SIGN_STYLE = Automatic;
				CURRENT_PROJECT_VERSION = 1;
				GENERATE_INFOPLIST_FILE = YES;
				MARKETING_VERSION = 1.0;
				PRODUCT_BUNDLE_IDENTIFIER = yf.developer.cn.TipKitDemo2UITests;
				PRODUCT_NAME = "$(TARGET_NAME)";
				SWIFT_EMIT_LOC_STRINGS = NO;
				SWIFT_VERSION = 5.0;
				TARGETED_DEVICE_FAMILY = "1,2";
				TEST_TARGET_NAME = TipKitDemo2;
			};
			name = Debug;
		};
		3CE096C62AB2013C00393B3F /* Release */ = {
			isa = XCBuildConfiguration;
			buildSettings = {
				ALWAYS_EMBED_SWIFT_STANDARD_LIBRARIES = YES;
				CODE_SIGN_STYLE = Automatic;
				CURRENT_PROJECT_VERSION = 1;
				GENERATE_INFOPLIST_FILE = YES;
				MARKETING_VERSION = 1.0;
				PRODUCT_BUNDLE_IDENTIFIER = yf.developer.cn.TipKitDemo2UITests;
				PRODUCT_NAME = "$(TARGET_NAME)";
				SWIFT_EMIT_LOC_STRINGS = NO;
				SWIFT_VERSION = 5.0;
				TARGETED_DEVICE_FAMILY = "1,2";
				TEST_TARGET_NAME = TipKitDemo2;
			};
			name = Release;
		};
/* End XCBuildConfiguration section */

/* Begin XCConfigurationList section */
		3CE096952AB2013900393B3F /* Build configuration list for PBXProject "TipKitDemo2" */ = {
			isa = XCConfigurationList;
			buildConfigurations = (
				3CE096BC2AB2013C00393B3F /* Debug */,
				3CE096BD2AB2013C00393B3F /* Release */,
			);
			defaultConfigurationIsVisible = 0;
			defaultConfigurationName = Release;
		};
		3CE096BE2AB2013C00393B3F /* Build configuration list for PBXNativeTarget "TipKitDemo2" */ = {
			isa = XCConfigurationList;
			buildConfigurations = (
				3CE096BF2AB2013C00393B3F /* Debug */,
				3CE096C02AB2013C00393B3F /* Release */,
			);
			defaultConfigurationIsVisible = 0;
			defaultConfigurationName = Release;
		};
		3CE096C12AB2013C00393B3F /* Build configuration list for PBXNativeTarget "TipKitDemo2Tests" */ = {
			isa = XCConfigurationList;
			buildConfigurations = (
				3CE096C22AB2013C00393B3F /* Debug */,
				3CE096C32AB2013C00393B3F /* Release */,
			);
			defaultConfigurationIsVisible = 0;
			defaultConfigurationName = Release;
		};
		3CE096C42AB2013C00393B3F /* Build configuration list for PBXNativeTarget "TipKitDemo2UITests" */ = {
			isa = XCConfigurationList;
			buildConfigurations = (
				3CE096C52AB2013C00393B3F /* Debug */,
				3CE096C62AB2013C00393B3F /* Release */,
			);
			defaultConfigurationIsVisible = 0;
			defaultConfigurationName = Release;
		};
/* End XCConfigurationList section */
	};
	rootObject = 3CE096922AB2013900393B3F /* Project object */;
}
