// !$*UTF8*$!
{
	archiveVersion = 1;
	classes = {
	};
	objectVersion = 50;
	objects = {

/* Begin PBXBuildFile section */
		3CADBA5E235AF01C00715CB5 /* AppDelegate.swift in Sources */ = {isa = PBXBuildFile; fileRef = 3CADBA5D235AF01C00715CB5 /* AppDelegate.swift */; };
		3CADBA60235AF01C00715CB5 /* SceneDelegate.swift in Sources */ = {isa = PBXBuildFile; fileRef = 3CADBA5F235AF01C00715CB5 /* SceneDelegate.swift */; };
		3CADBA62235AF01C00715CB5 /* ContentView.swift in Sources */ = {isa = PBXBuildFile; fileRef = 3CADBA61235AF01C00715CB5 /* ContentView.swift */; };
		3CADBA64235AF01C00715CB5 /* Assets.xcassets in Resources */ = {isa = PBXBuildFile; fileRef = 3CADBA63235AF01C00715CB5 /* Assets.xcassets */; };
		3CADBA67235AF01C00715CB5 /* Preview Assets.xcassets in Resources */ = {isa = PBXBuildFile; fileRef = 3CADBA66235AF01C00715CB5 /* Preview Assets.xcassets */; };
		3CADBA6A235AF01C00715CB5 /* LaunchScreen.storyboard in Resources */ = {isa = PBXBuildFile; fileRef = 3CADBA68235AF01C00715CB5 /* LaunchScreen.storyboard */; };
		3CADBA75235AF01D00715CB5 /* SwiftUI07Tests.swift in Sources */ = {isa = PBXBuildFile; fileRef = 3CADBA74235AF01D00715CB5 /* SwiftUI07Tests.swift */; };
		3CADBA80235AF01D00715CB5 /* SwiftUI07UITests.swift in Sources */ = {isa = PBXBuildFile; fileRef = 3CADBA7F235AF01D00715CB5 /* SwiftUI07UITests.swift */; };
/* End PBXBuildFile section */

/* Begin PBXContainerItemProxy section */
		3CADBA71235AF01D00715CB5 /* PBXContainerItemProxy */ = {
			isa = PBXContainerItemProxy;
			containerPortal = 3CADBA52235AF01C00715CB5 /* Project object */;
			proxyType = 1;
			remoteGlobalIDString = 3CADBA59235AF01C00715CB5;
			remoteInfo = SwiftUI07;
		};
		3CADBA7C235AF01D00715CB5 /* PBXContainerItemProxy */ = {
			isa = PBXContainerItemProxy;
			containerPortal = 3CADBA52235AF01C00715CB5 /* Project object */;
			proxyType = 1;
			remoteGlobalIDString = 3CADBA59235AF01C00715CB5;
			remoteInfo = SwiftUI07;
		};
/* End PBXContainerItemProxy section */

/* Begin PBXFileReference section */
		3CADBA5A235AF01C00715CB5 /* SwiftUI07.app */ = {isa = PBXFileReference; explicitFileType = wrapper.application; includeInIndex = 0; path = SwiftUI07.app; sourceTree = BUILT_PRODUCTS_DIR; };
		3CADBA5D235AF01C00715CB5 /* AppDelegate.swift */ = {isa = PBXFileReference; lastKnownFileType = sourcecode.swift; path = AppDelegate.swift; sourceTree = "<group>"; };
		3CADBA5F235AF01C00715CB5 /* SceneDelegate.swift */ = {isa = PBXFileReference; lastKnownFileType = sourcecode.swift; path = SceneDelegate.swift; sourceTree = "<group>"; };
		3CADBA61235AF01C00715CB5 /* ContentView.swift */ = {isa = PBXFileReference; lastKnownFileType = sourcecode.swift; path = ContentView.swift; sourceTree = "<group>"; };
		3CADBA63235AF01C00715CB5 /* Assets.xcassets */ = {isa = PBXFileReference; lastKnownFileType = folder.assetcatalog; path = Assets.xcassets; sourceTree = "<group>"; };
		3CADBA66235AF01C00715CB5 /* Preview Assets.xcassets */ = {isa = PBXFileReference; lastKnownFileType = folder.assetcatalog; path = "Preview Assets.xcassets"; sourceTree = "<group>"; };
		3CADBA69235AF01C00715CB5 /* Base */ = {isa = PBXFileReference; lastKnownFileType = file.storyboard; name = Base; path = Base.lproj/LaunchScreen.storyboard; sourceTree = "<group>"; };
		3CADBA6B235AF01C00715CB5 /* Info.plist */ = {isa = PBXFileReference; lastKnownFileType = text.plist.xml; path = Info.plist; sourceTree = "<group>"; };
		3CADBA70235AF01D00715CB5 /* SwiftUI07Tests.xctest */ = {isa = PBXFileReference; explicitFileType = wrapper.cfbundle; includeInIndex = 0; path = SwiftUI07Tests.xctest; sourceTree = BUILT_PRODUCTS_DIR; };
		3CADBA74235AF01D00715CB5 /* SwiftUI07Tests.swift */ = {isa = PBXFileReference; lastKnownFileType = sourcecode.swift; path = SwiftUI07Tests.swift; sourceTree = "<group>"; };
		3CADBA76235AF01D00715CB5 /* Info.plist */ = {isa = PBXFileReference; lastKnownFileType = text.plist.xml; path = Info.plist; sourceTree = "<group>"; };
		3CADBA7B235AF01D00715CB5 /* SwiftUI07UITests.xctest */ = {isa = PBXFileReference; explicitFileType = wrapper.cfbundle; includeInIndex = 0; path = SwiftUI07UITests.xctest; sourceTree = BUILT_PRODUCTS_DIR; };
		3CADBA7F235AF01D00715CB5 /* SwiftUI07UITests.swift */ = {isa = PBXFileReference; lastKnownFileType = sourcecode.swift; path = SwiftUI07UITests.swift; sourceTree = "<group>"; };
		3CADBA81235AF01D00715CB5 /* Info.plist */ = {isa = PBXFileReference; lastKnownFileType = text.plist.xml; path = Info.plist; sourceTree = "<group>"; };
/* End PBXFileReference section */

/* Begin PBXFrameworksBuildPhase section */
		3CADBA57235AF01C00715CB5 /* Frameworks */ = {
			isa = PBXFrameworksBuildPhase;
			buildActionMask = 2147483647;
			files = (
			);
			runOnlyForDeploymentPostprocessing = 0;
		};
		3CADBA6D235AF01D00715CB5 /* Frameworks */ = {
			isa = PBXFrameworksBuildPhase;
			buildActionMask = 2147483647;
			files = (
			);
			runOnlyForDeploymentPostprocessing = 0;
		};
		3CADBA78235AF01D00715CB5 /* Frameworks */ = {
			isa = PBXFrameworksBuildPhase;
			buildActionMask = 2147483647;
			files = (
			);
			runOnlyForDeploymentPostprocessing = 0;
		};
/* End PBXFrameworksBuildPhase section */

/* Begin PBXGroup section */
		3CADBA51235AF01C00715CB5 = {
			isa = PBXGroup;
			children = (
				3CADBA5C235AF01C00715CB5 /* SwiftUI07 */,
				3CADBA73235AF01D00715CB5 /* SwiftUI07Tests */,
				3CADBA7E235AF01D00715CB5 /* SwiftUI07UITests */,
				3CADBA5B235AF01C00715CB5 /* Products */,
			);
			sourceTree = "<group>";
		};
		3CADBA5B235AF01C00715CB5 /* Products */ = {
			isa = PBXGroup;
			children = (
				3CADBA5A235AF01C00715CB5 /* SwiftUI07.app */,
				3CADBA70235AF01D00715CB5 /* SwiftUI07Tests.xctest */,
				3CADBA7B235AF01D00715CB5 /* SwiftUI07UITests.xctest */,
			);
			name = Products;
			sourceTree = "<group>";
		};
		3CADBA5C235AF01C00715CB5 /* SwiftUI07 */ = {
			isa = PBXGroup;
			children = (
				3CADBA5D235AF01C00715CB5 /* AppDelegate.swift */,
				3CADBA5F235AF01C00715CB5 /* SceneDelegate.swift */,
				3CADBA61235AF01C00715CB5 /* ContentView.swift */,
				3CADBA63235AF01C00715CB5 /* Assets.xcassets */,
				3CADBA68235AF01C00715CB5 /* LaunchScreen.storyboard */,
				3CADBA6B235AF01C00715CB5 /* Info.plist */,
				3CADBA65235AF01C00715CB5 /* Preview Content */,
			);
			path = SwiftUI07;
			sourceTree = "<group>";
		};
		3CADBA65235AF01C00715CB5 /* Preview Content */ = {
			isa = PBXGroup;
			children = (
				3CADBA66235AF01C00715CB5 /* Preview Assets.xcassets */,
			);
			path = "Preview Content";
			sourceTree = "<group>";
		};
		3CADBA73235AF01D00715CB5 /* SwiftUI07Tests */ = {
			isa = PBXGroup;
			children = (
				3CADBA74235AF01D00715CB5 /* SwiftUI07Tests.swift */,
				3CADBA76235AF01D00715CB5 /* Info.plist */,
			);
			path = SwiftUI07Tests;
			sourceTree = "<group>";
		};
		3CADBA7E235AF01D00715CB5 /* SwiftUI07UITests */ = {
			isa = PBXGroup;
			children = (
				3CADBA7F235AF01D00715CB5 /* SwiftUI07UITests.swift */,
				3CADBA81235AF01D00715CB5 /* Info.plist */,
			);
			path = SwiftUI07UITests;
			sourceTree = "<group>";
		};
/* End PBXGroup section */

/* Begin PBXNativeTarget section */
		3CADBA59235AF01C00715CB5 /* SwiftUI07 */ = {
			isa = PBXNativeTarget;
			buildConfigurationList = 3CADBA84235AF01D00715CB5 /* Build configuration list for PBXNativeTarget "SwiftUI07" */;
			buildPhases = (
				3CADBA56235AF01C00715CB5 /* Sources */,
				3CADBA57235AF01C00715CB5 /* Frameworks */,
				3CADBA58235AF01C00715CB5 /* Resources */,
			);
			buildRules = (
			);
			dependencies = (
			);
			name = SwiftUI07;
			productName = SwiftUI07;
			productReference = 3CADBA5A235AF01C00715CB5 /* SwiftUI07.app */;
			productType = "com.apple.product-type.application";
		};
		3CADBA6F235AF01D00715CB5 /* SwiftUI07Tests */ = {
			isa = PBXNativeTarget;
			buildConfigurationList = 3CADBA87235AF01D00715CB5 /* Build configuration list for PBXNativeTarget "SwiftUI07Tests" */;
			buildPhases = (
				3CADBA6C235AF01D00715CB5 /* Sources */,
				3CADBA6D235AF01D00715CB5 /* Frameworks */,
				3CADBA6E235AF01D00715CB5 /* Resources */,
			);
			buildRules = (
			);
			dependencies = (
				3CADBA72235AF01D00715CB5 /* PBXTargetDependency */,
			);
			name = SwiftUI07Tests;
			productName = SwiftUI07Tests;
			productReference = 3CADBA70235AF01D00715CB5 /* SwiftUI07Tests.xctest */;
			productType = "com.apple.product-type.bundle.unit-test";
		};
		3CADBA7A235AF01D00715CB5 /* SwiftUI07UITests */ = {
			isa = PBXNativeTarget;
			buildConfigurationList = 3CADBA8A235AF01D00715CB5 /* Build configuration list for PBXNativeTarget "SwiftUI07UITests" */;
			buildPhases = (
				3CADBA77235AF01D00715CB5 /* Sources */,
				3CADBA78235AF01D00715CB5 /* Frameworks */,
				3CADBA79235AF01D00715CB5 /* Resources */,
			);
			buildRules = (
			);
			dependencies = (
				3CADBA7D235AF01D00715CB5 /* PBXTargetDependency */,
			);
			name = SwiftUI07UITests;
			productName = SwiftUI07UITests;
			productReference = 3CADBA7B235AF01D00715CB5 /* SwiftUI07UITests.xctest */;
			productType = "com.apple.product-type.bundle.ui-testing";
		};
/* End PBXNativeTarget section */

/* Begin PBXProject section */
		3CADBA52235AF01C00715CB5 /* Project object */ = {
			isa = PBXProject;
			attributes = {
				LastSwiftUpdateCheck = 1110;
				LastUpgradeCheck = 1110;
				ORGANIZATIONNAME = "杨帆";
				TargetAttributes = {
					3CADBA59235AF01C00715CB5 = {
						CreatedOnToolsVersion = 11.1;
					};
					3CADBA6F235AF01D00715CB5 = {
						CreatedOnToolsVersion = 11.1;
						TestTargetID = 3CADBA59235AF01C00715CB5;
					};
					3CADBA7A235AF01D00715CB5 = {
						CreatedOnToolsVersion = 11.1;
						TestTargetID = 3CADBA59235AF01C00715CB5;
					};
				};
			};
			buildConfigurationList = 3CADBA55235AF01C00715CB5 /* Build configuration list for PBXProject "SwiftUI07" */;
			compatibilityVersion = "Xcode 9.3";
			developmentRegion = en;
			hasScannedForEncodings = 0;
			knownRegions = (
				en,
				Base,
			);
			mainGroup = 3CADBA51235AF01C00715CB5;
			productRefGroup = 3CADBA5B235AF01C00715CB5 /* Products */;
			projectDirPath = "";
			projectRoot = "";
			targets = (
				3CADBA59235AF01C00715CB5 /* SwiftUI07 */,
				3CADBA6F235AF01D00715CB5 /* SwiftUI07Tests */,
				3CADBA7A235AF01D00715CB5 /* SwiftUI07UITests */,
			);
		};
/* End PBXProject section */

/* Begin PBXResourcesBuildPhase section */
		3CADBA58235AF01C00715CB5 /* Resources */ = {
			isa = PBXResourcesBuildPhase;
			buildActionMask = 2147483647;
			files = (
				3CADBA6A235AF01C00715CB5 /* LaunchScreen.storyboard in Resources */,
				3CADBA67235AF01C00715CB5 /* Preview Assets.xcassets in Resources */,
				3CADBA64235AF01C00715CB5 /* Assets.xcassets in Resources */,
			);
			runOnlyForDeploymentPostprocessing = 0;
		};
		3CADBA6E235AF01D00715CB5 /* Resources */ = {
			isa = PBXResourcesBuildPhase;
			buildActionMask = 2147483647;
			files = (
			);
			runOnlyForDeploymentPostprocessing = 0;
		};
		3CADBA79235AF01D00715CB5 /* Resources */ = {
			isa = PBXResourcesBuildPhase;
			buildActionMask = 2147483647;
			files = (
			);
			runOnlyForDeploymentPostprocessing = 0;
		};
/* End PBXResourcesBuildPhase section */

/* Begin PBXSourcesBuildPhase section */
		3CADBA56235AF01C00715CB5 /* Sources */ = {
			isa = PBXSourcesBuildPhase;
			buildActionMask = 2147483647;
			files = (
				3CADBA5E235AF01C00715CB5 /* AppDelegate.swift in Sources */,
				3CADBA60235AF01C00715CB5 /* SceneDelegate.swift in Sources */,
				3CADBA62235AF01C00715CB5 /* ContentView.swift in Sources */,
			);
			runOnlyForDeploymentPostprocessing = 0;
		};
		3CADBA6C235AF01D00715CB5 /* Sources */ = {
			isa = PBXSourcesBuildPhase;
			buildActionMask = 2147483647;
			files = (
				3CADBA75235AF01D00715CB5 /* SwiftUI07Tests.swift in Sources */,
			);
			runOnlyForDeploymentPostprocessing = 0;
		};
		3CADBA77235AF01D00715CB5 /* Sources */ = {
			isa = PBXSourcesBuildPhase;
			buildActionMask = 2147483647;
			files = (
				3CADBA80235AF01D00715CB5 /* SwiftUI07UITests.swift in Sources */,
			);
			runOnlyForDeploymentPostprocessing = 0;
		};
/* End PBXSourcesBuildPhase section */

/* Begin PBXTargetDependency section */
		3CADBA72235AF01D00715CB5 /* PBXTargetDependency */ = {
			isa = PBXTargetDependency;
			target = 3CADBA59235AF01C00715CB5 /* SwiftUI07 */;
			targetProxy = 3CADBA71235AF01D00715CB5 /* PBXContainerItemProxy */;
		};
		3CADBA7D235AF01D00715CB5 /* PBXTargetDependency */ = {
			isa = PBXTargetDependency;
			target = 3CADBA59235AF01C00715CB5 /* SwiftUI07 */;
			targetProxy = 3CADBA7C235AF01D00715CB5 /* PBXContainerItemProxy */;
		};
/* End PBXTargetDependency section */

/* Begin PBXVariantGroup section */
		3CADBA68235AF01C00715CB5 /* LaunchScreen.storyboard */ = {
			isa = PBXVariantGroup;
			children = (
				3CADBA69235AF01C00715CB5 /* Base */,
			);
			name = LaunchScreen.storyboard;
			sourceTree = "<group>";
		};
/* End PBXVariantGroup section */

/* Begin XCBuildConfiguration section */
		3CADBA82235AF01D00715CB5 /* Debug */ = {
			isa = XCBuildConfiguration;
			buildSettings = {
				ALWAYS_SEARCH_USER_PATHS = NO;
				CLANG_ANALYZER_NONNULL = YES;
				CLANG_ANALYZER_NUMBER_OBJECT_CONVERSION = YES_AGGRESSIVE;
				CLANG_CXX_LANGUAGE_STANDARD = "gnu++14";
				CLANG_CXX_LIBRARY = "libc++";
				CLANG_ENABLE_MODULES = YES;
				CLANG_ENABLE_OBJC_ARC = YES;
				CLANG_ENABLE_OBJC_WEAK = YES;
				CLANG_WARN_BLOCK_CAPTURE_AUTORELEASING = YES;
				CLANG_WARN_BOOL_CONVERSION = YES;
				CLANG_WARN_COMMA = YES;
				CLANG_WARN_CONSTANT_CONVERSION = YES;
				CLANG_WARN_DEPRECATED_OBJC_IMPLEMENTATIONS = YES;
				CLANG_WARN_DIRECT_OBJC_ISA_USAGE = YES_ERROR;
				CLANG_WARN_DOCUMENTATION_COMMENTS = YES;
				CLANG_WARN_EMPTY_BODY = YES;
				CLANG_WARN_ENUM_CONVERSION = YES;
				CLANG_WARN_INFINITE_RECURSION = YES;
				CLANG_WARN_INT_CONVERSION = YES;
				CLANG_WARN_NON_LITERAL_NULL_CONVERSION = YES;
				CLANG_WARN_OBJC_IMPLICIT_RETAIN_SELF = YES;
				CLANG_WARN_OBJC_LITERAL_CONVERSION = YES;
				CLANG_WARN_OBJC_ROOT_CLASS = YES_ERROR;
				CLANG_WARN_RANGE_LOOP_ANALYSIS = YES;
				CLANG_WARN_STRICT_PROTOTYPES = YES;
				CLANG_WARN_SUSPICIOUS_MOVE = YES;
				CLANG_WARN_UNGUARDED_AVAILABILITY = YES_AGGRESSIVE;
				CLANG_WARN_UNREACHABLE_CODE = YES;
				CLANG_WARN__DUPLICATE_METHOD_MATCH = YES;
				COPY_PHASE_STRIP = NO;
				DEBUG_INFORMATION_FORMAT = dwarf;
				ENABLE_STRICT_OBJC_MSGSEND = YES;
				ENABLE_TESTABILITY = YES;
				GCC_C_LANGUAGE_STANDARD = gnu11;
				GCC_DYNAMIC_NO_PIC = NO;
				GCC_NO_COMMON_BLOCKS = YES;
				GCC_OPTIMIZATION_LEVEL = 0;
				GCC_PREPROCESSOR_DEFINITIONS = (
					"DEBUG=1",
					"$(inherited)",
				);
				GCC_WARN_64_TO_32_BIT_CONVERSION = YES;
				GCC_WARN_ABOUT_RETURN_TYPE = YES_ERROR;
				GCC_WARN_UNDECLARED_SELECTOR = YES;
				GCC_WARN_UNINITIALIZED_AUTOS = YES_AGGRESSIVE;
				GCC_WARN_UNUSED_FUNCTION = YES;
				GCC_WARN_UNUSED_VARIABLE = YES;
				IPHONEOS_DEPLOYMENT_TARGET = 13.1;
				MTL_ENABLE_DEBUG_INFO = INCLUDE_SOURCE;
				MTL_FAST_MATH = YES;
				ONLY_ACTIVE_ARCH = YES;
				SDKROOT = iphoneos;
				SWIFT_ACTIVE_COMPILATION_CONDITIONS = DEBUG;
				SWIFT_OPTIMIZATION_LEVEL = "-Onone";
			};
			name = Debug;
		};
		3CADBA83235AF01D00715CB5 /* Release */ = {
			isa = XCBuildConfiguration;
			buildSettings = {
				ALWAYS_SEARCH_USER_PATHS = NO;
				CLANG_ANALYZER_NONNULL = YES;
				CLANG_ANALYZER_NUMBER_OBJECT_CONVERSION = YES_AGGRESSIVE;
				CLANG_CXX_LANGUAGE_STANDARD = "gnu++14";
				CLANG_CXX_LIBRARY = "libc++";
				CLANG_ENABLE_MODULES = YES;
				CLANG_ENABLE_OBJC_ARC = YES;
				CLANG_ENABLE_OBJC_WEAK = YES;
				CLANG_WARN_BLOCK_CAPTURE_AUTORELEASING = YES;
				CLANG_WARN_BOOL_CONVERSION = YES;
				CLANG_WARN_COMMA = YES;
				CLANG_WARN_CONSTANT_CONVERSION = YES;
				CLANG_WARN_DEPRECATED_OBJC_IMPLEMENTATIONS = YES;
				CLANG_WARN_DIRECT_OBJC_ISA_USAGE = YES_ERROR;
				CLANG_WARN_DOCUMENTATION_COMMENTS = YES;
				CLANG_WARN_EMPTY_BODY = YES;
				CLANG_WARN_ENUM_CONVERSION = YES;
				CLANG_WARN_INFINITE_RECURSION = YES;
				CLANG_WARN_INT_CONVERSION = YES;
				CLANG_WARN_NON_LITERAL_NULL_CONVERSION = YES;
				CLANG_WARN_OBJC_IMPLICIT_RETAIN_SELF = YES;
				CLANG_WARN_OBJC_LITERAL_CONVERSION = YES;
				CLANG_WARN_OBJC_ROOT_CLASS = YES_ERROR;
				CLANG_WARN_RANGE_LOOP_ANALYSIS = YES;
				CLANG_WARN_STRICT_PROTOTYPES = YES;
				CLANG_WARN_SUSPICIOUS_MOVE = YES;
				CLANG_WARN_UNGUARDED_AVAILABILITY = YES_AGGRESSIVE;
				CLANG_WARN_UNREACHABLE_CODE = YES;
				CLANG_WARN__DUPLICATE_METHOD_MATCH = YES;
				COPY_PHASE_STRIP = NO;
				DEBUG_INFORMATION_FORMAT = "dwarf-with-dsym";
				ENABLE_NS_ASSERTIONS = NO;
				ENABLE_STRICT_OBJC_MSGSEND = YES;
				GCC_C_LANGUAGE_STANDARD = gnu11;
				GCC_NO_COMMON_BLOCKS = YES;
				GCC_WARN_64_TO_32_BIT_CONVERSION = YES;
				GCC_WARN_ABOUT_RETURN_TYPE = YES_ERROR;
				GCC_WARN_UNDECLARED_SELECTOR = YES;
				GCC_WARN_UNINITIALIZED_AUTOS = YES_AGGRESSIVE;
				GCC_WARN_UNUSED_FUNCTION = YES;
				GCC_WARN_UNUSED_VARIABLE = YES;
				IPHONEOS_DEPLOYMENT_TARGET = 13.1;
				MTL_ENABLE_DEBUG_INFO = NO;
				MTL_FAST_MATH = YES;
				SDKROOT = iphoneos;
				SWIFT_COMPILATION_MODE = wholemodule;
				SWIFT_OPTIMIZATION_LEVEL = "-O";
				VALIDATE_PRODUCT = YES;
			};
			name = Release;
		};
		3CADBA85235AF01D00715CB5 /* Debug */ = {
			isa = XCBuildConfiguration;
			buildSettings = {
				ASSETCATALOG_COMPILER_APPICON_NAME = AppIcon;
				CODE_SIGN_STYLE = Automatic;
				DEVELOPMENT_ASSET_PATHS = "\"SwiftUI07/Preview Content\"";
				ENABLE_PREVIEWS = YES;
				INFOPLIST_FILE = SwiftUI07/Info.plist;
				LD_RUNPATH_SEARCH_PATHS = (
					"$(inherited)",
					"@executable_path/Frameworks",
				);
				PRODUCT_BUNDLE_IDENTIFIER = study.fan.yung.SwiftUI07;
				PRODUCT_NAME = "$(TARGET_NAME)";
				SWIFT_VERSION = 5.0;
				TARGETED_DEVICE_FAMILY = "1,2";
			};
			name = Debug;
		};
		3CADBA86235AF01D00715CB5 /* Release */ = {
			isa = XCBuildConfiguration;
			buildSettings = {
				ASSETCATALOG_COMPILER_APPICON_NAME = AppIcon;
				CODE_SIGN_STYLE = Automatic;
				DEVELOPMENT_ASSET_PATHS = "\"SwiftUI07/Preview Content\"";
				ENABLE_PREVIEWS = YES;
				INFOPLIST_FILE = SwiftUI07/Info.plist;
				LD_RUNPATH_SEARCH_PATHS = (
					"$(inherited)",
					"@executable_path/Frameworks",
				);
				PRODUCT_BUNDLE_IDENTIFIER = study.fan.yung.SwiftUI07;
				PRODUCT_NAME = "$(TARGET_NAME)";
				SWIFT_VERSION = 5.0;
				TARGETED_DEVICE_FAMILY = "1,2";
			};
			name = Release;
		};
		3CADBA88235AF01D00715CB5 /* Debug */ = {
			isa = XCBuildConfiguration;
			buildSettings = {
				ALWAYS_EMBED_SWIFT_STANDARD_LIBRARIES = YES;
				BUNDLE_LOADER = "$(TEST_HOST)";
				CODE_SIGN_STYLE = Automatic;
				INFOPLIST_FILE = SwiftUI07Tests/Info.plist;
				IPHONEOS_DEPLOYMENT_TARGET = 13.1;
				LD_RUNPATH_SEARCH_PATHS = (
					"$(inherited)",
					"@executable_path/Frameworks",
					"@loader_path/Frameworks",
				);
				PRODUCT_BUNDLE_IDENTIFIER = study.fan.yung.SwiftUI07Tests;
				PRODUCT_NAME = "$(TARGET_NAME)";
				SWIFT_VERSION = 5.0;
				TARGETED_DEVICE_FAMILY = "1,2";
				TEST_HOST = "$(BUILT_PRODUCTS_DIR)/SwiftUI07.app/SwiftUI07";
			};
			name = Debug;
		};
		3CADBA89235AF01D00715CB5 /* Release */ = {
			isa = XCBuildConfiguration;
			buildSettings = {
				ALWAYS_EMBED_SWIFT_STANDARD_LIBRARIES = YES;
				BUNDLE_LOADER = "$(TEST_HOST)";
				CODE_SIGN_STYLE = Automatic;
				INFOPLIST_FILE = SwiftUI07Tests/Info.plist;
				IPHONEOS_DEPLOYMENT_TARGET = 13.1;
				LD_RUNPATH_SEARCH_PATHS = (
					"$(inherited)",
					"@executable_path/Frameworks",
					"@loader_path/Frameworks",
				);
				PRODUCT_BUNDLE_IDENTIFIER = study.fan.yung.SwiftUI07Tests;
				PRODUCT_NAME = "$(TARGET_NAME)";
				SWIFT_VERSION = 5.0;
				TARGETED_DEVICE_FAMILY = "1,2";
				TEST_HOST = "$(BUILT_PRODUCTS_DIR)/SwiftUI07.app/SwiftUI07";
			};
			name = Release;
		};
		3CADBA8B235AF01D00715CB5 /* Debug */ = {
			isa = XCBuildConfiguration;
			buildSettings = {
				ALWAYS_EMBED_SWIFT_STANDARD_LIBRARIES = YES;
				CODE_SIGN_STYLE = Automatic;
				INFOPLIST_FILE = SwiftUI07UITests/Info.plist;
				LD_RUNPATH_SEARCH_PATHS = (
					"$(inherited)",
					"@executable_path/Frameworks",
					"@loader_path/Frameworks",
				);
				PRODUCT_BUNDLE_IDENTIFIER = study.fan.yung.SwiftUI07UITests;
				PRODUCT_NAME = "$(TARGET_NAME)";
				SWIFT_VERSION = 5.0;
				TARGETED_DEVICE_FAMILY = "1,2";
				TEST_TARGET_NAME = SwiftUI07;
			};
			name = Debug;
		};
		3CADBA8C235AF01D00715CB5 /* Release */ = {
			isa = XCBuildConfiguration;
			buildSettings = {
				ALWAYS_EMBED_SWIFT_STANDARD_LIBRARIES = YES;
				CODE_SIGN_STYLE = Automatic;
				INFOPLIST_FILE = SwiftUI07UITests/Info.plist;
				LD_RUNPATH_SEARCH_PATHS = (
					"$(inherited)",
					"@executable_path/Frameworks",
					"@loader_path/Frameworks",
				);
				PRODUCT_BUNDLE_IDENTIFIER = study.fan.yung.SwiftUI07UITests;
				PRODUCT_NAME = "$(TARGET_NAME)";
				SWIFT_VERSION = 5.0;
				TARGETED_DEVICE_FAMILY = "1,2";
				TEST_TARGET_NAME = SwiftUI07;
			};
			name = Release;
		};
/* End XCBuildConfiguration section */

/* Begin XCConfigurationList section */
		3CADBA55235AF01C00715CB5 /* Build configuration list for PBXProject "SwiftUI07" */ = {
			isa = XCConfigurationList;
			buildConfigurations = (
				3CADBA82235AF01D00715CB5 /* Debug */,
				3CADBA83235AF01D00715CB5 /* Release */,
			);
			defaultConfigurationIsVisible = 0;
			defaultConfigurationName = Release;
		};
		3CADBA84235AF01D00715CB5 /* Build configuration list for PBXNativeTarget "SwiftUI07" */ = {
			isa = XCConfigurationList;
			buildConfigurations = (
				3CADBA85235AF01D00715CB5 /* Debug */,
				3CADBA86235AF01D00715CB5 /* Release */,
			);
			defaultConfigurationIsVisible = 0;
			defaultConfigurationName = Release;
		};
		3CADBA87235AF01D00715CB5 /* Build configuration list for PBXNativeTarget "SwiftUI07Tests" */ = {
			isa = XCConfigurationList;
			buildConfigurations = (
				3CADBA88235AF01D00715CB5 /* Debug */,
				3CADBA89235AF01D00715CB5 /* Release */,
			);
			defaultConfigurationIsVisible = 0;
			defaultConfigurationName = Release;
		};
		3CADBA8A235AF01D00715CB5 /* Build configuration list for PBXNativeTarget "SwiftUI07UITests" */ = {
			isa = XCConfigurationList;
			buildConfigurations = (
				3CADBA8B235AF01D00715CB5 /* Debug */,
				3CADBA8C235AF01D00715CB5 /* Release */,
			);
			defaultConfigurationIsVisible = 0;
			defaultConfigurationName = Release;
		};
/* End XCConfigurationList section */
	};
	rootObject = 3CADBA52235AF01C00715CB5 /* Project object */;
}
