// !$*UTF8*$!
{
	archiveVersion = 1;
	classes = {
	};
	objectVersion = 50;
	objects = {

/* Begin PBXBuildFile section */
		3C0D95032517A10E006E190A /* MultiPlatformApp.swift in Sources */ = {isa = PBXBuildFile; fileRef = 3C0D95022517A10E006E190A /* MultiPlatformApp.swift */; };
		3C0D95052517A10E006E190A /* ContentView.swift in Sources */ = {isa = PBXBuildFile; fileRef = 3C0D95042517A10E006E190A /* ContentView.swift */; };
		3C0D95072517A10F006E190A /* Assets.xcassets in Resources */ = {isa = PBXBuildFile; fileRef = 3C0D95062517A10F006E190A /* Assets.xcassets */; };
		3C0D950A2517A10F006E190A /* Preview Assets.xcassets in Resources */ = {isa = PBXBuildFile; fileRef = 3C0D95092517A10F006E190A /* Preview Assets.xcassets */; };
		3C0D95152517A10F006E190A /* MultiPlatformTests.swift in Sources */ = {isa = PBXBuildFile; fileRef = 3C0D95142517A10F006E190A /* MultiPlatformTests.swift */; };
		3C0D95202517A10F006E190A /* MultiPlatformUITests.swift in Sources */ = {isa = PBXBuildFile; fileRef = 3C0D951F2517A10F006E190A /* MultiPlatformUITests.swift */; };
/* End PBXBuildFile section */

/* Begin PBXContainerItemProxy section */
		3C0D95112517A10F006E190A /* PBXContainerItemProxy */ = {
			isa = PBXContainerItemProxy;
			containerPortal = 3C0D94F72517A10E006E190A /* Project object */;
			proxyType = 1;
			remoteGlobalIDString = 3C0D94FE2517A10E006E190A;
			remoteInfo = MultiPlatform;
		};
		3C0D951C2517A10F006E190A /* PBXContainerItemProxy */ = {
			isa = PBXContainerItemProxy;
			containerPortal = 3C0D94F72517A10E006E190A /* Project object */;
			proxyType = 1;
			remoteGlobalIDString = 3C0D94FE2517A10E006E190A;
			remoteInfo = MultiPlatform;
		};
/* End PBXContainerItemProxy section */

/* Begin PBXFileReference section */
		3C0D94FF2517A10E006E190A /* MultiPlatform.app */ = {isa = PBXFileReference; explicitFileType = wrapper.application; includeInIndex = 0; path = MultiPlatform.app; sourceTree = BUILT_PRODUCTS_DIR; };
		3C0D95022517A10E006E190A /* MultiPlatformApp.swift */ = {isa = PBXFileReference; lastKnownFileType = sourcecode.swift; path = MultiPlatformApp.swift; sourceTree = "<group>"; };
		3C0D95042517A10E006E190A /* ContentView.swift */ = {isa = PBXFileReference; lastKnownFileType = sourcecode.swift; path = ContentView.swift; sourceTree = "<group>"; };
		3C0D95062517A10F006E190A /* Assets.xcassets */ = {isa = PBXFileReference; lastKnownFileType = folder.assetcatalog; path = Assets.xcassets; sourceTree = "<group>"; };
		3C0D95092517A10F006E190A /* Preview Assets.xcassets */ = {isa = PBXFileReference; lastKnownFileType = folder.assetcatalog; path = "Preview Assets.xcassets"; sourceTree = "<group>"; };
		3C0D950B2517A10F006E190A /* Info.plist */ = {isa = PBXFileReference; lastKnownFileType = text.plist.xml; path = Info.plist; sourceTree = "<group>"; };
		3C0D95102517A10F006E190A /* MultiPlatformTests.xctest */ = {isa = PBXFileReference; explicitFileType = wrapper.cfbundle; includeInIndex = 0; path = MultiPlatformTests.xctest; sourceTree = BUILT_PRODUCTS_DIR; };
		3C0D95142517A10F006E190A /* MultiPlatformTests.swift */ = {isa = PBXFileReference; lastKnownFileType = sourcecode.swift; path = MultiPlatformTests.swift; sourceTree = "<group>"; };
		3C0D95162517A10F006E190A /* Info.plist */ = {isa = PBXFileReference; lastKnownFileType = text.plist.xml; path = Info.plist; sourceTree = "<group>"; };
		3C0D951B2517A10F006E190A /* MultiPlatformUITests.xctest */ = {isa = PBXFileReference; explicitFileType = wrapper.cfbundle; includeInIndex = 0; path = MultiPlatformUITests.xctest; sourceTree = BUILT_PRODUCTS_DIR; };
		3C0D951F2517A10F006E190A /* MultiPlatformUITests.swift */ = {isa = PBXFileReference; lastKnownFileType = sourcecode.swift; path = MultiPlatformUITests.swift; sourceTree = "<group>"; };
		3C0D95212517A10F006E190A /* Info.plist */ = {isa = PBXFileReference; lastKnownFileType = text.plist.xml; path = Info.plist; sourceTree = "<group>"; };
		3C0D95302517A118006E190A /* MultiPlatform.entitlements */ = {isa = PBXFileReference; lastKnownFileType = text.plist.entitlements; path = MultiPlatform.entitlements; sourceTree = "<group>"; };
/* End PBXFileReference section */

/* Begin PBXFrameworksBuildPhase section */
		3C0D94FC2517A10E006E190A /* Frameworks */ = {
			isa = PBXFrameworksBuildPhase;
			buildActionMask = 2147483647;
			files = (
			);
			runOnlyForDeploymentPostprocessing = 0;
		};
		3C0D950D2517A10F006E190A /* Frameworks */ = {
			isa = PBXFrameworksBuildPhase;
			buildActionMask = 2147483647;
			files = (
			);
			runOnlyForDeploymentPostprocessing = 0;
		};
		3C0D95182517A10F006E190A /* Frameworks */ = {
			isa = PBXFrameworksBuildPhase;
			buildActionMask = 2147483647;
			files = (
			);
			runOnlyForDeploymentPostprocessing = 0;
		};
/* End PBXFrameworksBuildPhase section */

/* Begin PBXGroup section */
		3C0D94F62517A10E006E190A = {
			isa = PBXGroup;
			children = (
				3C0D95012517A10E006E190A /* MultiPlatform */,
				3C0D95132517A10F006E190A /* MultiPlatformTests */,
				3C0D951E2517A10F006E190A /* MultiPlatformUITests */,
				3C0D95002517A10E006E190A /* Products */,
			);
			sourceTree = "<group>";
		};
		3C0D95002517A10E006E190A /* Products */ = {
			isa = PBXGroup;
			children = (
				3C0D94FF2517A10E006E190A /* MultiPlatform.app */,
				3C0D95102517A10F006E190A /* MultiPlatformTests.xctest */,
				3C0D951B2517A10F006E190A /* MultiPlatformUITests.xctest */,
			);
			name = Products;
			sourceTree = "<group>";
		};
		3C0D95012517A10E006E190A /* MultiPlatform */ = {
			isa = PBXGroup;
			children = (
				3C0D95302517A118006E190A /* MultiPlatform.entitlements */,
				3C0D95022517A10E006E190A /* MultiPlatformApp.swift */,
				3C0D95042517A10E006E190A /* ContentView.swift */,
				3C0D95062517A10F006E190A /* Assets.xcassets */,
				3C0D950B2517A10F006E190A /* Info.plist */,
				3C0D95082517A10F006E190A /* Preview Content */,
			);
			path = MultiPlatform;
			sourceTree = "<group>";
		};
		3C0D95082517A10F006E190A /* Preview Content */ = {
			isa = PBXGroup;
			children = (
				3C0D95092517A10F006E190A /* Preview Assets.xcassets */,
			);
			path = "Preview Content";
			sourceTree = "<group>";
		};
		3C0D95132517A10F006E190A /* MultiPlatformTests */ = {
			isa = PBXGroup;
			children = (
				3C0D95142517A10F006E190A /* MultiPlatformTests.swift */,
				3C0D95162517A10F006E190A /* Info.plist */,
			);
			path = MultiPlatformTests;
			sourceTree = "<group>";
		};
		3C0D951E2517A10F006E190A /* MultiPlatformUITests */ = {
			isa = PBXGroup;
			children = (
				3C0D951F2517A10F006E190A /* MultiPlatformUITests.swift */,
				3C0D95212517A10F006E190A /* Info.plist */,
			);
			path = MultiPlatformUITests;
			sourceTree = "<group>";
		};
/* End PBXGroup section */

/* Begin PBXNativeTarget section */
		3C0D94FE2517A10E006E190A /* MultiPlatform */ = {
			isa = PBXNativeTarget;
			buildConfigurationList = 3C0D95242517A10F006E190A /* Build configuration list for PBXNativeTarget "MultiPlatform" */;
			buildPhases = (
				3C0D94FB2517A10E006E190A /* Sources */,
				3C0D94FC2517A10E006E190A /* Frameworks */,
				3C0D94FD2517A10E006E190A /* Resources */,
			);
			buildRules = (
			);
			dependencies = (
			);
			name = MultiPlatform;
			productName = MultiPlatform;
			productReference = 3C0D94FF2517A10E006E190A /* MultiPlatform.app */;
			productType = "com.apple.product-type.application";
		};
		3C0D950F2517A10F006E190A /* MultiPlatformTests */ = {
			isa = PBXNativeTarget;
			buildConfigurationList = 3C0D95272517A10F006E190A /* Build configuration list for PBXNativeTarget "MultiPlatformTests" */;
			buildPhases = (
				3C0D950C2517A10F006E190A /* Sources */,
				3C0D950D2517A10F006E190A /* Frameworks */,
				3C0D950E2517A10F006E190A /* Resources */,
			);
			buildRules = (
			);
			dependencies = (
				3C0D95122517A10F006E190A /* PBXTargetDependency */,
			);
			name = MultiPlatformTests;
			productName = MultiPlatformTests;
			productReference = 3C0D95102517A10F006E190A /* MultiPlatformTests.xctest */;
			productType = "com.apple.product-type.bundle.unit-test";
		};
		3C0D951A2517A10F006E190A /* MultiPlatformUITests */ = {
			isa = PBXNativeTarget;
			buildConfigurationList = 3C0D952A2517A10F006E190A /* Build configuration list for PBXNativeTarget "MultiPlatformUITests" */;
			buildPhases = (
				3C0D95172517A10F006E190A /* Sources */,
				3C0D95182517A10F006E190A /* Frameworks */,
				3C0D95192517A10F006E190A /* Resources */,
			);
			buildRules = (
			);
			dependencies = (
				3C0D951D2517A10F006E190A /* PBXTargetDependency */,
			);
			name = MultiPlatformUITests;
			productName = MultiPlatformUITests;
			productReference = 3C0D951B2517A10F006E190A /* MultiPlatformUITests.xctest */;
			productType = "com.apple.product-type.bundle.ui-testing";
		};
/* End PBXNativeTarget section */

/* Begin PBXProject section */
		3C0D94F72517A10E006E190A /* Project object */ = {
			isa = PBXProject;
			attributes = {
				LastSwiftUpdateCheck = 1200;
				LastUpgradeCheck = 1200;
				TargetAttributes = {
					3C0D94FE2517A10E006E190A = {
						CreatedOnToolsVersion = 12.0;
					};
					3C0D950F2517A10F006E190A = {
						CreatedOnToolsVersion = 12.0;
						TestTargetID = 3C0D94FE2517A10E006E190A;
					};
					3C0D951A2517A10F006E190A = {
						CreatedOnToolsVersion = 12.0;
						TestTargetID = 3C0D94FE2517A10E006E190A;
					};
				};
			};
			buildConfigurationList = 3C0D94FA2517A10E006E190A /* Build configuration list for PBXProject "MultiPlatform" */;
			compatibilityVersion = "Xcode 9.3";
			developmentRegion = en;
			hasScannedForEncodings = 0;
			knownRegions = (
				en,
				Base,
			);
			mainGroup = 3C0D94F62517A10E006E190A;
			productRefGroup = 3C0D95002517A10E006E190A /* Products */;
			projectDirPath = "";
			projectRoot = "";
			targets = (
				3C0D94FE2517A10E006E190A /* MultiPlatform */,
				3C0D950F2517A10F006E190A /* MultiPlatformTests */,
				3C0D951A2517A10F006E190A /* MultiPlatformUITests */,
			);
		};
/* End PBXProject section */

/* Begin PBXResourcesBuildPhase section */
		3C0D94FD2517A10E006E190A /* Resources */ = {
			isa = PBXResourcesBuildPhase;
			buildActionMask = 2147483647;
			files = (
				3C0D950A2517A10F006E190A /* Preview Assets.xcassets in Resources */,
				3C0D95072517A10F006E190A /* Assets.xcassets in Resources */,
			);
			runOnlyForDeploymentPostprocessing = 0;
		};
		3C0D950E2517A10F006E190A /* Resources */ = {
			isa = PBXResourcesBuildPhase;
			buildActionMask = 2147483647;
			files = (
			);
			runOnlyForDeploymentPostprocessing = 0;
		};
		3C0D95192517A10F006E190A /* Resources */ = {
			isa = PBXResourcesBuildPhase;
			buildActionMask = 2147483647;
			files = (
			);
			runOnlyForDeploymentPostprocessing = 0;
		};
/* End PBXResourcesBuildPhase section */

/* Begin PBXSourcesBuildPhase section */
		3C0D94FB2517A10E006E190A /* Sources */ = {
			isa = PBXSourcesBuildPhase;
			buildActionMask = 2147483647;
			files = (
				3C0D95052517A10E006E190A /* ContentView.swift in Sources */,
				3C0D95032517A10E006E190A /* MultiPlatformApp.swift in Sources */,
			);
			runOnlyForDeploymentPostprocessing = 0;
		};
		3C0D950C2517A10F006E190A /* Sources */ = {
			isa = PBXSourcesBuildPhase;
			buildActionMask = 2147483647;
			files = (
				3C0D95152517A10F006E190A /* MultiPlatformTests.swift in Sources */,
			);
			runOnlyForDeploymentPostprocessing = 0;
		};
		3C0D95172517A10F006E190A /* Sources */ = {
			isa = PBXSourcesBuildPhase;
			buildActionMask = 2147483647;
			files = (
				3C0D95202517A10F006E190A /* MultiPlatformUITests.swift in Sources */,
			);
			runOnlyForDeploymentPostprocessing = 0;
		};
/* End PBXSourcesBuildPhase section */

/* Begin PBXTargetDependency section */
		3C0D95122517A10F006E190A /* PBXTargetDependency */ = {
			isa = PBXTargetDependency;
			target = 3C0D94FE2517A10E006E190A /* MultiPlatform */;
			targetProxy = 3C0D95112517A10F006E190A /* PBXContainerItemProxy */;
		};
		3C0D951D2517A10F006E190A /* PBXTargetDependency */ = {
			isa = PBXTargetDependency;
			target = 3C0D94FE2517A10E006E190A /* MultiPlatform */;
			targetProxy = 3C0D951C2517A10F006E190A /* PBXContainerItemProxy */;
		};
/* End PBXTargetDependency section */

/* Begin XCBuildConfiguration section */
		3C0D95222517A10F006E190A /* Debug */ = {
			isa = XCBuildConfiguration;
			buildSettings = {
				ALWAYS_SEARCH_USER_PATHS = NO;
				CLANG_ANALYZER_NONNULL = YES;
				CLANG_ANALYZER_NUMBER_OBJECT_CONVERSION = YES_AGGRESSIVE;
				CLANG_CXX_LANGUAGE_STANDARD = "gnu++14";
				CLANG_CXX_LIBRARY = "libc++";
				CLANG_ENABLE_MODULES = YES;
				CLANG_ENABLE_OBJC_ARC = YES;
				CLANG_ENABLE_OBJC_WEAK = YES;
				CLANG_WARN_BLOCK_CAPTURE_AUTORELEASING = YES;
				CLANG_WARN_BOOL_CONVERSION = YES;
				CLANG_WARN_COMMA = YES;
				CLANG_WARN_CONSTANT_CONVERSION = YES;
				CLANG_WARN_DEPRECATED_OBJC_IMPLEMENTATIONS = YES;
				CLANG_WARN_DIRECT_OBJC_ISA_USAGE = YES_ERROR;
				CLANG_WARN_DOCUMENTATION_COMMENTS = YES;
				CLANG_WARN_EMPTY_BODY = YES;
				CLANG_WARN_ENUM_CONVERSION = YES;
				CLANG_WARN_INFINITE_RECURSION = YES;
				CLANG_WARN_INT_CONVERSION = YES;
				CLANG_WARN_NON_LITERAL_NULL_CONVERSION = YES;
				CLANG_WARN_OBJC_IMPLICIT_RETAIN_SELF = YES;
				CLANG_WARN_OBJC_LITERAL_CONVERSION = YES;
				CLANG_WARN_OBJC_ROOT_CLASS = YES_ERROR;
				CLANG_WARN_QUOTED_INCLUDE_IN_FRAMEWORK_HEADER = YES;
				CLANG_WARN_RANGE_LOOP_ANALYSIS = YES;
				CLANG_WARN_STRICT_PROTOTYPES = YES;
				CLANG_WARN_SUSPICIOUS_MOVE = YES;
				CLANG_WARN_UNGUARDED_AVAILABILITY = YES_AGGRESSIVE;
				CLANG_WARN_UNREACHABLE_CODE = YES;
				CLANG_WARN__DUPLICATE_METHOD_MATCH = YES;
				COPY_PHASE_STRIP = NO;
				DEBUG_INFORMATION_FORMAT = dwarf;
				ENABLE_STRICT_OBJC_MSGSEND = YES;
				ENABLE_TESTABILITY = YES;
				GCC_C_LANGUAGE_STANDARD = gnu11;
				GCC_DYNAMIC_NO_PIC = NO;
				GCC_NO_COMMON_BLOCKS = YES;
				GCC_OPTIMIZATION_LEVEL = 0;
				GCC_PREPROCESSOR_DEFINITIONS = (
					"DEBUG=1",
					"$(inherited)",
				);
				GCC_WARN_64_TO_32_BIT_CONVERSION = YES;
				GCC_WARN_ABOUT_RETURN_TYPE = YES_ERROR;
				GCC_WARN_UNDECLARED_SELECTOR = YES;
				GCC_WARN_UNINITIALIZED_AUTOS = YES_AGGRESSIVE;
				GCC_WARN_UNUSED_FUNCTION = YES;
				GCC_WARN_UNUSED_VARIABLE = YES;
				IPHONEOS_DEPLOYMENT_TARGET = 14.0;
				MTL_ENABLE_DEBUG_INFO = INCLUDE_SOURCE;
				MTL_FAST_MATH = YES;
				ONLY_ACTIVE_ARCH = YES;
				SDKROOT = iphoneos;
				SWIFT_ACTIVE_COMPILATION_CONDITIONS = DEBUG;
				SWIFT_OPTIMIZATION_LEVEL = "-Onone";
			};
			name = Debug;
		};
		3C0D95232517A10F006E190A /* Release */ = {
			isa = XCBuildConfiguration;
			buildSettings = {
				ALWAYS_SEARCH_USER_PATHS = NO;
				CLANG_ANALYZER_NONNULL = YES;
				CLANG_ANALYZER_NUMBER_OBJECT_CONVERSION = YES_AGGRESSIVE;
				CLANG_CXX_LANGUAGE_STANDARD = "gnu++14";
				CLANG_CXX_LIBRARY = "libc++";
				CLANG_ENABLE_MODULES = YES;
				CLANG_ENABLE_OBJC_ARC = YES;
				CLANG_ENABLE_OBJC_WEAK = YES;
				CLANG_WARN_BLOCK_CAPTURE_AUTORELEASING = YES;
				CLANG_WARN_BOOL_CONVERSION = YES;
				CLANG_WARN_COMMA = YES;
				CLANG_WARN_CONSTANT_CONVERSION = YES;
				CLANG_WARN_DEPRECATED_OBJC_IMPLEMENTATIONS = YES;
				CLANG_WARN_DIRECT_OBJC_ISA_USAGE = YES_ERROR;
				CLANG_WARN_DOCUMENTATION_COMMENTS = YES;
				CLANG_WARN_EMPTY_BODY = YES;
				CLANG_WARN_ENUM_CONVERSION = YES;
				CLANG_WARN_INFINITE_RECURSION = YES;
				CLANG_WARN_INT_CONVERSION = YES;
				CLANG_WARN_NON_LITERAL_NULL_CONVERSION = YES;
				CLANG_WARN_OBJC_IMPLICIT_RETAIN_SELF = YES;
				CLANG_WARN_OBJC_LITERAL_CONVERSION = YES;
				CLANG_WARN_OBJC_ROOT_CLASS = YES_ERROR;
				CLANG_WARN_QUOTED_INCLUDE_IN_FRAMEWORK_HEADER = YES;
				CLANG_WARN_RANGE_LOOP_ANALYSIS = YES;
				CLANG_WARN_STRICT_PROTOTYPES = YES;
				CLANG_WARN_SUSPICIOUS_MOVE = YES;
				CLANG_WARN_UNGUARDED_AVAILABILITY = YES_AGGRESSIVE;
				CLANG_WARN_UNREACHABLE_CODE = YES;
				CLANG_WARN__DUPLICATE_METHOD_MATCH = YES;
				COPY_PHASE_STRIP = NO;
				DEBUG_INFORMATION_FORMAT = "dwarf-with-dsym";
				ENABLE_NS_ASSERTIONS = NO;
				ENABLE_STRICT_OBJC_MSGSEND = YES;
				GCC_C_LANGUAGE_STANDARD = gnu11;
				GCC_NO_COMMON_BLOCKS = YES;
				GCC_WARN_64_TO_32_BIT_CONVERSION = YES;
				GCC_WARN_ABOUT_RETURN_TYPE = YES_ERROR;
				GCC_WARN_UNDECLARED_SELECTOR = YES;
				GCC_WARN_UNINITIALIZED_AUTOS = YES_AGGRESSIVE;
				GCC_WARN_UNUSED_FUNCTION = YES;
				GCC_WARN_UNUSED_VARIABLE = YES;
				IPHONEOS_DEPLOYMENT_TARGET = 14.0;
				MTL_ENABLE_DEBUG_INFO = NO;
				MTL_FAST_MATH = YES;
				SDKROOT = iphoneos;
				SWIFT_COMPILATION_MODE = wholemodule;
				SWIFT_OPTIMIZATION_LEVEL = "-O";
				VALIDATE_PRODUCT = YES;
			};
			name = Release;
		};
		3C0D95252517A10F006E190A /* Debug */ = {
			isa = XCBuildConfiguration;
			buildSettings = {
				ASSETCATALOG_COMPILER_APPICON_NAME = AppIcon;
				ASSETCATALOG_COMPILER_GLOBAL_ACCENT_COLOR_NAME = AccentColor;
				CODE_SIGN_ENTITLEMENTS = MultiPlatform/MultiPlatform.entitlements;
				CODE_SIGN_STYLE = Automatic;
				DEVELOPMENT_ASSET_PATHS = "\"MultiPlatform/Preview Content\"";
				DEVELOPMENT_TEAM = QF8H8R2NAV;
				ENABLE_PREVIEWS = YES;
				INFOPLIST_FILE = MultiPlatform/Info.plist;
				IPHONEOS_DEPLOYMENT_TARGET = 14.0;
				LD_RUNPATH_SEARCH_PATHS = (
					"$(inherited)",
					"@executable_path/Frameworks",
				);
				PRODUCT_BUNDLE_IDENTIFIER = yungfan.cn.edu.abc.MultiPlatform;
				PRODUCT_NAME = "$(TARGET_NAME)";
				SUPPORTS_MACCATALYST = YES;
				SWIFT_VERSION = 5.0;
				TARGETED_DEVICE_FAMILY = "1,2";
			};
			name = Debug;
		};
		3C0D95262517A10F006E190A /* Release */ = {
			isa = XCBuildConfiguration;
			buildSettings = {
				ASSETCATALOG_COMPILER_APPICON_NAME = AppIcon;
				ASSETCATALOG_COMPILER_GLOBAL_ACCENT_COLOR_NAME = AccentColor;
				CODE_SIGN_ENTITLEMENTS = MultiPlatform/MultiPlatform.entitlements;
				CODE_SIGN_STYLE = Automatic;
				DEVELOPMENT_ASSET_PATHS = "\"MultiPlatform/Preview Content\"";
				DEVELOPMENT_TEAM = QF8H8R2NAV;
				ENABLE_PREVIEWS = YES;
				INFOPLIST_FILE = MultiPlatform/Info.plist;
				IPHONEOS_DEPLOYMENT_TARGET = 14.0;
				LD_RUNPATH_SEARCH_PATHS = (
					"$(inherited)",
					"@executable_path/Frameworks",
				);
				PRODUCT_BUNDLE_IDENTIFIER = yungfan.cn.edu.abc.MultiPlatform;
				PRODUCT_NAME = "$(TARGET_NAME)";
				SUPPORTS_MACCATALYST = YES;
				SWIFT_VERSION = 5.0;
				TARGETED_DEVICE_FAMILY = "1,2";
			};
			name = Release;
		};
		3C0D95282517A10F006E190A /* Debug */ = {
			isa = XCBuildConfiguration;
			buildSettings = {
				ALWAYS_EMBED_SWIFT_STANDARD_LIBRARIES = YES;
				BUNDLE_LOADER = "$(TEST_HOST)";
				CODE_SIGN_STYLE = Automatic;
				DEVELOPMENT_TEAM = QF8H8R2NAV;
				INFOPLIST_FILE = MultiPlatformTests/Info.plist;
				IPHONEOS_DEPLOYMENT_TARGET = 14.0;
				LD_RUNPATH_SEARCH_PATHS = (
					"$(inherited)",
					"@executable_path/Frameworks",
					"@loader_path/Frameworks",
				);
				PRODUCT_BUNDLE_IDENTIFIER = yungfan.cn.edu.abc.MultiPlatformTests;
				PRODUCT_NAME = "$(TARGET_NAME)";
				SWIFT_VERSION = 5.0;
				TARGETED_DEVICE_FAMILY = "1,2";
				TEST_HOST = "$(BUILT_PRODUCTS_DIR)/MultiPlatform.app/MultiPlatform";
			};
			name = Debug;
		};
		3C0D95292517A10F006E190A /* Release */ = {
			isa = XCBuildConfiguration;
			buildSettings = {
				ALWAYS_EMBED_SWIFT_STANDARD_LIBRARIES = YES;
				BUNDLE_LOADER = "$(TEST_HOST)";
				CODE_SIGN_STYLE = Automatic;
				DEVELOPMENT_TEAM = QF8H8R2NAV;
				INFOPLIST_FILE = MultiPlatformTests/Info.plist;
				IPHONEOS_DEPLOYMENT_TARGET = 14.0;
				LD_RUNPATH_SEARCH_PATHS = (
					"$(inherited)",
					"@executable_path/Frameworks",
					"@loader_path/Frameworks",
				);
				PRODUCT_BUNDLE_IDENTIFIER = yungfan.cn.edu.abc.MultiPlatformTests;
				PRODUCT_NAME = "$(TARGET_NAME)";
				SWIFT_VERSION = 5.0;
				TARGETED_DEVICE_FAMILY = "1,2";
				TEST_HOST = "$(BUILT_PRODUCTS_DIR)/MultiPlatform.app/MultiPlatform";
			};
			name = Release;
		};
		3C0D952B2517A10F006E190A /* Debug */ = {
			isa = XCBuildConfiguration;
			buildSettings = {
				ALWAYS_EMBED_SWIFT_STANDARD_LIBRARIES = YES;
				CODE_SIGN_STYLE = Automatic;
				DEVELOPMENT_TEAM = QF8H8R2NAV;
				INFOPLIST_FILE = MultiPlatformUITests/Info.plist;
				LD_RUNPATH_SEARCH_PATHS = (
					"$(inherited)",
					"@executable_path/Frameworks",
					"@loader_path/Frameworks",
				);
				PRODUCT_BUNDLE_IDENTIFIER = yungfan.cn.edu.abc.MultiPlatformUITests;
				PRODUCT_NAME = "$(TARGET_NAME)";
				SWIFT_VERSION = 5.0;
				TARGETED_DEVICE_FAMILY = "1,2";
				TEST_TARGET_NAME = MultiPlatform;
			};
			name = Debug;
		};
		3C0D952C2517A10F006E190A /* Release */ = {
			isa = XCBuildConfiguration;
			buildSettings = {
				ALWAYS_EMBED_SWIFT_STANDARD_LIBRARIES = YES;
				CODE_SIGN_STYLE = Automatic;
				DEVELOPMENT_TEAM = QF8H8R2NAV;
				INFOPLIST_FILE = MultiPlatformUITests/Info.plist;
				LD_RUNPATH_SEARCH_PATHS = (
					"$(inherited)",
					"@executable_path/Frameworks",
					"@loader_path/Frameworks",
				);
				PRODUCT_BUNDLE_IDENTIFIER = yungfan.cn.edu.abc.MultiPlatformUITests;
				PRODUCT_NAME = "$(TARGET_NAME)";
				SWIFT_VERSION = 5.0;
				TARGETED_DEVICE_FAMILY = "1,2";
				TEST_TARGET_NAME = MultiPlatform;
			};
			name = Release;
		};
/* End XCBuildConfiguration section */

/* Begin XCConfigurationList section */
		3C0D94FA2517A10E006E190A /* Build configuration list for PBXProject "MultiPlatform" */ = {
			isa = XCConfigurationList;
			buildConfigurations = (
				3C0D95222517A10F006E190A /* Debug */,
				3C0D95232517A10F006E190A /* Release */,
			);
			defaultConfigurationIsVisible = 0;
			defaultConfigurationName = Release;
		};
		3C0D95242517A10F006E190A /* Build configuration list for PBXNativeTarget "MultiPlatform" */ = {
			isa = XCConfigurationList;
			buildConfigurations = (
				3C0D95252517A10F006E190A /* Debug */,
				3C0D95262517A10F006E190A /* Release */,
			);
			defaultConfigurationIsVisible = 0;
			defaultConfigurationName = Release;
		};
		3C0D95272517A10F006E190A /* Build configuration list for PBXNativeTarget "MultiPlatformTests" */ = {
			isa = XCConfigurationList;
			buildConfigurations = (
				3C0D95282517A10F006E190A /* Debug */,
				3C0D95292517A10F006E190A /* Release */,
			);
			defaultConfigurationIsVisible = 0;
			defaultConfigurationName = Release;
		};
		3C0D952A2517A10F006E190A /* Build configuration list for PBXNativeTarget "MultiPlatformUITests" */ = {
			isa = XCConfigurationList;
			buildConfigurations = (
				3C0D952B2517A10F006E190A /* Debug */,
				3C0D952C2517A10F006E190A /* Release */,
			);
			defaultConfigurationIsVisible = 0;
			defaultConfigurationName = Release;
		};
/* End XCConfigurationList section */
	};
	rootObject = 3C0D94F72517A10E006E190A /* Project object */;
}
